Microsoft Visual Studio Solution File, Format Version 12.00
# Visual Studio Version 17
VisualStudioVersion = 17.0.31903.59
MinimumVisualStudioVersion = 10.0.40219.1
Project("{9A19103F-16F7-4668-BE54-9A1E7A4F7556}") = "RemoteNET", "RemoteNET\RemoteNET.csproj", "{D1ACBDEC-184B-4F5B-85CD-E02B5F712121}"
	ProjectSection(ProjectDependencies) = postProject
		{0C3EB2F7-92BA-4895-99FC-7098A16FFE8C} = {0C3EB2F7-92BA-4895-99FC-7098A16FFE8C}
		{150D1E84-A740-44FA-A245-719C88297524} = {150D1E84-A740-44FA-A245-719C88297524}
		{2ADCC09E-E6B0-4D3F-9789-69B257DC77A5} = {2ADCC09E-E6B0-4D3F-9789-69B257DC77A5}
		{5DE7F97C-B97B-489F-A1E4-9F9656317F94} = {5DE7F97C-B97B-489F-A1E4-9F9656317F94}
		{6A7830BB-A9C9-4375-8419-72E28F96FDEA} = {6A7830BB-A9C9-4375-8419-72E28F96FDEA}
		{71033F61-0D65-468E-81E7-A5765BCF9282} = {71033F61-0D65-468E-81E7-A5765BCF9282}
		{776CB808-45B2-4D13-8B5D-E48BD0B37AB2} = {776CB808-45B2-4D13-8B5D-E48BD0B37AB2}
		{8DF5D538-941D-44E8-803E-9E135926EBE8} = {8DF5D538-941D-44E8-803E-9E135926EBE8}
		{A0CC829C-E3B5-419B-A303-5A710389B74D} = {A0CC829C-E3B5-419B-A303-5A710389B74D}
		{D46A9A80-9DFA-4CBA-9FA3-4CFFDC5A142D} = {D46A9A80-9DFA-4CBA-9FA3-4CFFDC5A142D}
		{E9771628-EF64-4DD8-9906-E7B1990A0FB9} = {E9771628-EF64-4DD8-9906-E7B1990A0FB9}
		{F90E9B44-D0D0-3E3C-80A3-374B90694B44} = {F90E9B44-D0D0-3E3C-80A3-374B90694B44}
	EndProjectSection
EndProject
Project("{FAE04EC0-301F-11D3-BF4B-00C04F79EFBC}") = "ScubaDiver_NetFramework", "ScubaDiver\project_netframework\ScubaDiver_NetFramework.csproj", "{8DF5D538-941D-44E8-803E-9E135926EBE8}"
EndProject
Project("{9A19103F-16F7-4668-BE54-9A1E7A4F7556}") = "ScubaDiver_NetCore", "ScubaDiver\project_netcore\ScubaDiver_NetCore.csproj", "{A0CC829C-E3B5-419B-A303-5A710389B74D}"
EndProject
Project("{9A19103F-16F7-4668-BE54-9A1E7A4F7556}") = "ScubaDiver_Net5", "ScubaDiver\project_net5\ScubaDiver_Net5.csproj", "{776CB808-45B2-4D13-8B5D-E48BD0B37AB2}"
EndProject
Project("{8BC9CEB8-8B4A-11D0-8D11-00A0C91BC942}") = "Injector", "Injector\Injector.vcxproj", "{0C3EB2F7-92BA-4895-99FC-7098A16FFE8C}"
EndProject
Project("{9A19103F-16F7-4668-BE54-9A1E7A4F7556}") = "ScubaDiver.API", "ScubaDiver.API\ScubaDiver.API.csproj", "{0FE20420-27E2-467F-AB2D-78B6A795B255}"
EndProject
Project("{8BC9CEB8-8B4A-11D0-8D11-00A0C91BC942}") = "Injector_x64", "Injector\Injector_x64.vcxproj", "{71033F61-0D65-468E-81E7-A5765BCF9282}"
EndProject
Project("{9A19103F-16F7-4668-BE54-9A1E7A4F7556}") = "RemoteNET.Tester", "RemoteNET.Tester\RemoteNET.Tester.csproj", "{36994939-E133-43BD-8819-48EECF943E7E}"
EndProject
Project("{8BC9CEB8-8B4A-11D0-8D11-00A0C91BC942}") = "UnmanagedAdapterDLL", "UnmanagedAdapterDLL\UnmanagedAdapterDLL.vcxproj", "{5DE7F97C-B97B-489F-A1E4-9F9656317F94}"
EndProject
Project("{8BC9CEB8-8B4A-11D0-8D11-00A0C91BC942}") = "UnmanagedAdapterDLL_x64", "UnmanagedAdapterDLL\UnmanagedAdapterDLL_x64.vcxproj", "{E9771628-EF64-4DD8-9906-E7B1990A0FB9}"
EndProject
Project("{9A19103F-16F7-4668-BE54-9A1E7A4F7556}") = "DebuggableDummy", "DebuggableDummy\DebuggableDummy.csproj", "{BFD7273C-97B4-428F-BB5E-C1299B2EBA41}"
EndProject
Project("{9A19103F-16F7-4668-BE54-9A1E7A4F7556}") = "InjectableDummy", "InjectableDummy\InjectableDummy.csproj", "{D46A9A80-9DFA-4CBA-9FA3-4CFFDC5A142D}"
EndProject
Project("{9A19103F-16F7-4668-BE54-9A1E7A4F7556}") = "ScubaDiver_Net6_x86", "ScubaDiver\project_net6_x86\ScubaDiver_Net6_x86.csproj", "{2ADCC09E-E6B0-4D3F-9789-69B257DC77A5}"
	ProjectSection(ProjectDependencies) = postProject
		{F90E9B44-D0D0-3E3C-80A3-374B90694B44} = {F90E9B44-D0D0-3E3C-80A3-374B90694B44}
	EndProjectSection
EndProject
Project("{9A19103F-16F7-4668-BE54-9A1E7A4F7556}") = "ScubaDiver_Net6_x64", "ScubaDiver\project_net6_x64\ScubaDiver_Net6_x64.csproj", "{6A7830BB-A9C9-4375-8419-72E28F96FDEA}"
	ProjectSection(ProjectDependencies) = postProject
		{F90E9B44-D0D0-3E3C-80A3-374B90694B44} = {F90E9B44-D0D0-3E3C-80A3-374B90694B44}
	EndProjectSection
EndProject
Project("{9A19103F-16F7-4668-BE54-9A1E7A4F7556}") = "Lifeboat", "Lifeboat\Lifeboat.csproj", "{150D1E84-A740-44FA-A245-719C88297524}"
EndProject
Project("{9A19103F-16F7-4668-BE54-9A1E7A4F7556}") = "RemoteNET.RttiReflection", "RemoteNET.RttiReflection\RemoteNET.RttiReflection.csproj", "{A91F8C77-7439-423E-AED7-9935D87838E9}"
EndProject
Project("{9A19103F-16F7-4668-BE54-9A1E7A4F7556}") = "RemoteNET.RttiReflectionTests", "RemoteNET.RttiReflectionTests\RemoteNET.RttiReflectionTests.csproj", "{9A9DFE83-1C05-48CF-A938-D16A74F0EB1C}"
EndProject
Project("{9A19103F-16F7-4668-BE54-9A1E7A4F7556}") = "RemoteNET.Common", "RemoteNET.Common\RemoteNET.Common.csproj", "{022107D8-0318-43FA-A183-7E3279131308}"
EndProject
Project("{2150E333-8FDC-42A3-9474-1A3956D46DE8}") = "DetoursNet", "DetoursNet", "{62F04F34-6B70-4A71-878D-39E4C2B88B83}"
EndProject
Project("{2150E333-8FDC-42A3-9474-1A3956D46DE8}") = "Divers", "Divers", "{3CA60CA5-1EF0-44DC-8AE9-E29D79889307}"
EndProject
Project("{9A19103F-16F7-4668-BE54-9A1E7A4F7556}") = "ScubaDiver.Demangle", "ScubaDiver.Demangle\ScubaDiver.Demangle.csproj", "{7639EAA9-E75C-4117-A199-3CB3D6522A1D}"
EndProject
Project("{9A19103F-16F7-4668-BE54-9A1E7A4F7556}") = "LifeboatProxy", "LifeboatProxy\LifeboatProxy.csproj", "{52FBCBDC-C347-4A0A-BE58-29E749A755A3}"
EndProject
Project("{FAE04EC0-301F-11D3-BF4B-00C04F79EFBC}") = "DetoursNet", "detours_build\detours.net\DetoursNet\DetoursNet.csproj", "{C4264F96-4602-3306-89C1-19D858075034}"
EndProject
Project("{9A19103F-16F7-4668-BE54-9A1E7A4F7556}") = "ScubaDiver.API.Tests", "ScubaDiver.API.Tests\ScubaDiver.API.Tests.csproj", "{9B25E3D2-91A8-4784-A3A3-39C1BE36A52A}"
EndProject
Project("{8BC9CEB8-8B4A-11D0-8D11-00A0C91BC942}") = "ALL_BUILD", "detours_build\ALL_BUILD.vcxproj", "{F90E9B44-D0D0-3E3C-80A3-374B90694B44}"
EndProject
Project("{8BC9CEB8-8B4A-11D0-8D11-00A0C91BC942}") = "DetoursDll", "detours_build\detours.net\DetoursDll\DetoursDll.vcxproj", "{F95414A5-6D85-3E17-90CD-61C678C65C4B}"
EndProject
Project("{8BC9CEB8-8B4A-11D0-8D11-00A0C91BC942}") = "DetoursNetCLR", "detours_build\detours.net\DetoursNetCLR\DetoursNetCLR.vcxproj", "{4E62EB4F-326C-3B8F-AE48-71A011A772DB}"
EndProject
Project("{8BC9CEB8-8B4A-11D0-8D11-00A0C91BC942}") = "DetoursNetRuntime", "detours_build\detours.net\DetoursNetRuntime\DetoursNetRuntime.vcxproj", "{B6E8EB3E-4269-38B6-9B92-2E5B5731E88F}"
EndProject
Global
	GlobalSection(SolutionConfigurationPlatforms) = preSolution
		Debug|Any CPU = Debug|Any CPU
		Debug|Mixed = Debug|Mixed
		Debug|x64 = Debug|x64
		Debug|x86 = Debug|x86
		MinSizeRel|Any CPU = MinSizeRel|Any CPU
		MinSizeRel|Mixed = MinSizeRel|Mixed
		MinSizeRel|x64 = MinSizeRel|x64
		MinSizeRel|x86 = MinSizeRel|x86
		Release|Any CPU = Release|Any CPU
		Release|Mixed = Release|Mixed
		Release|x64 = Release|x64
		Release|x86 = Release|x86
		RelWithDebInfo|Any CPU = RelWithDebInfo|Any CPU
		RelWithDebInfo|Mixed = RelWithDebInfo|Mixed
		RelWithDebInfo|x64 = RelWithDebInfo|x64
		RelWithDebInfo|x86 = RelWithDebInfo|x86
	EndGlobalSection
	GlobalSection(ProjectConfigurationPlatforms) = postSolution
		{D1ACBDEC-184B-4F5B-85CD-E02B5F712121}.Debug|Any CPU.ActiveCfg = Debug|Any CPU
		{D1ACBDEC-184B-4F5B-85CD-E02B5F712121}.Debug|Any CPU.Build.0 = Debug|Any CPU
		{D1ACBDEC-184B-4F5B-85CD-E02B5F712121}.Debug|Mixed.ActiveCfg = Debug|Any CPU
		{D1ACBDEC-184B-4F5B-85CD-E02B5F712121}.Debug|Mixed.Build.0 = Debug|Any CPU
		{D1ACBDEC-184B-4F5B-85CD-E02B5F712121}.Debug|x64.ActiveCfg = Debug|Any CPU
		{D1ACBDEC-184B-4F5B-85CD-E02B5F712121}.Debug|x64.Build.0 = Debug|Any CPU
		{D1ACBDEC-184B-4F5B-85CD-E02B5F712121}.Debug|x86.ActiveCfg = Debug|Any CPU
		{D1ACBDEC-184B-4F5B-85CD-E02B5F712121}.Debug|x86.Build.0 = Debug|Any CPU
		{D1ACBDEC-184B-4F5B-85CD-E02B5F712121}.MinSizeRel|Any CPU.ActiveCfg = Release|Any CPU
		{D1ACBDEC-184B-4F5B-85CD-E02B5F712121}.MinSizeRel|Any CPU.Build.0 = Release|Any CPU
		{D1ACBDEC-184B-4F5B-85CD-E02B5F712121}.MinSizeRel|Mixed.ActiveCfg = Release|Any CPU
		{D1ACBDEC-184B-4F5B-85CD-E02B5F712121}.MinSizeRel|Mixed.Build.0 = Release|Any CPU
		{D1ACBDEC-184B-4F5B-85CD-E02B5F712121}.MinSizeRel|x64.ActiveCfg = Release|Any CPU
		{D1ACBDEC-184B-4F5B-85CD-E02B5F712121}.MinSizeRel|x64.Build.0 = Release|Any CPU
		{D1ACBDEC-184B-4F5B-85CD-E02B5F712121}.MinSizeRel|x86.ActiveCfg = Release|Any CPU
		{D1ACBDEC-184B-4F5B-85CD-E02B5F712121}.MinSizeRel|x86.Build.0 = Release|Any CPU
		{D1ACBDEC-184B-4F5B-85CD-E02B5F712121}.Release|Any CPU.ActiveCfg = Release|Any CPU
		{D1ACBDEC-184B-4F5B-85CD-E02B5F712121}.Release|Any CPU.Build.0 = Release|Any CPU
		{D1ACBDEC-184B-4F5B-85CD-E02B5F712121}.Release|Mixed.ActiveCfg = Release|Any CPU
		{D1ACBDEC-184B-4F5B-85CD-E02B5F712121}.Release|Mixed.Build.0 = Release|Any CPU
		{D1ACBDEC-184B-4F5B-85CD-E02B5F712121}.Release|x64.ActiveCfg = Release|Any CPU
		{D1ACBDEC-184B-4F5B-85CD-E02B5F712121}.Release|x64.Build.0 = Release|Any CPU
		{D1ACBDEC-184B-4F5B-85CD-E02B5F712121}.Release|x86.ActiveCfg = Release|Any CPU
		{D1ACBDEC-184B-4F5B-85CD-E02B5F712121}.Release|x86.Build.0 = Release|Any CPU
		{D1ACBDEC-184B-4F5B-85CD-E02B5F712121}.RelWithDebInfo|Any CPU.ActiveCfg = Release|Any CPU
		{D1ACBDEC-184B-4F5B-85CD-E02B5F712121}.RelWithDebInfo|Any CPU.Build.0 = Release|Any CPU
		{D1ACBDEC-184B-4F5B-85CD-E02B5F712121}.RelWithDebInfo|Mixed.ActiveCfg = Release|Any CPU
		{D1ACBDEC-184B-4F5B-85CD-E02B5F712121}.RelWithDebInfo|Mixed.Build.0 = Release|Any CPU
		{D1ACBDEC-184B-4F5B-85CD-E02B5F712121}.RelWithDebInfo|x64.ActiveCfg = Release|Any CPU
		{D1ACBDEC-184B-4F5B-85CD-E02B5F712121}.RelWithDebInfo|x64.Build.0 = Release|Any CPU
		{D1ACBDEC-184B-4F5B-85CD-E02B5F712121}.RelWithDebInfo|x86.ActiveCfg = Release|Any CPU
		{D1ACBDEC-184B-4F5B-85CD-E02B5F712121}.RelWithDebInfo|x86.Build.0 = Release|Any CPU
		{8DF5D538-941D-44E8-803E-9E135926EBE8}.Debug|Any CPU.ActiveCfg = Debug|Any CPU
		{8DF5D538-941D-44E8-803E-9E135926EBE8}.Debug|Any CPU.Build.0 = Debug|Any CPU
		{8DF5D538-941D-44E8-803E-9E135926EBE8}.Debug|Mixed.ActiveCfg = Debug|Any CPU
		{8DF5D538-941D-44E8-803E-9E135926EBE8}.Debug|Mixed.Build.0 = Debug|Any CPU
		{8DF5D538-941D-44E8-803E-9E135926EBE8}.Debug|x64.ActiveCfg = Debug|Any CPU
		{8DF5D538-941D-44E8-803E-9E135926EBE8}.Debug|x64.Build.0 = Debug|Any CPU
		{8DF5D538-941D-44E8-803E-9E135926EBE8}.Debug|x86.ActiveCfg = Debug|Any CPU
		{8DF5D538-941D-44E8-803E-9E135926EBE8}.Debug|x86.Build.0 = Debug|Any CPU
		{8DF5D538-941D-44E8-803E-9E135926EBE8}.MinSizeRel|Any CPU.ActiveCfg = Release|Any CPU
		{8DF5D538-941D-44E8-803E-9E135926EBE8}.MinSizeRel|Any CPU.Build.0 = Release|Any CPU
		{8DF5D538-941D-44E8-803E-9E135926EBE8}.MinSizeRel|Mixed.ActiveCfg = Release|Any CPU
		{8DF5D538-941D-44E8-803E-9E135926EBE8}.MinSizeRel|Mixed.Build.0 = Release|Any CPU
		{8DF5D538-941D-44E8-803E-9E135926EBE8}.MinSizeRel|x64.ActiveCfg = Release|Any CPU
		{8DF5D538-941D-44E8-803E-9E135926EBE8}.MinSizeRel|x64.Build.0 = Release|Any CPU
		{8DF5D538-941D-44E8-803E-9E135926EBE8}.MinSizeRel|x86.ActiveCfg = Release|Any CPU
		{8DF5D538-941D-44E8-803E-9E135926EBE8}.MinSizeRel|x86.Build.0 = Release|Any CPU
		{8DF5D538-941D-44E8-803E-9E135926EBE8}.Release|Any CPU.ActiveCfg = Release|Any CPU
		{8DF5D538-941D-44E8-803E-9E135926EBE8}.Release|Any CPU.Build.0 = Release|Any CPU
		{8DF5D538-941D-44E8-803E-9E135926EBE8}.Release|Mixed.ActiveCfg = Release|Any CPU
		{8DF5D538-941D-44E8-803E-9E135926EBE8}.Release|Mixed.Build.0 = Release|Any CPU
		{8DF5D538-941D-44E8-803E-9E135926EBE8}.Release|x64.ActiveCfg = Release|Any CPU
		{8DF5D538-941D-44E8-803E-9E135926EBE8}.Release|x64.Build.0 = Release|Any CPU
		{8DF5D538-941D-44E8-803E-9E135926EBE8}.Release|x86.ActiveCfg = Release|Any CPU
		{8DF5D538-941D-44E8-803E-9E135926EBE8}.Release|x86.Build.0 = Release|Any CPU
		{8DF5D538-941D-44E8-803E-9E135926EBE8}.RelWithDebInfo|Any CPU.ActiveCfg = Release|Any CPU
		{8DF5D538-941D-44E8-803E-9E135926EBE8}.RelWithDebInfo|Any CPU.Build.0 = Release|Any CPU
		{8DF5D538-941D-44E8-803E-9E135926EBE8}.RelWithDebInfo|Mixed.ActiveCfg = Release|Any CPU
		{8DF5D538-941D-44E8-803E-9E135926EBE8}.RelWithDebInfo|Mixed.Build.0 = Release|Any CPU
		{8DF5D538-941D-44E8-803E-9E135926EBE8}.RelWithDebInfo|x64.ActiveCfg = Release|Any CPU
		{8DF5D538-941D-44E8-803E-9E135926EBE8}.RelWithDebInfo|x64.Build.0 = Release|Any CPU
		{8DF5D538-941D-44E8-803E-9E135926EBE8}.RelWithDebInfo|x86.ActiveCfg = Release|Any CPU
		{8DF5D538-941D-44E8-803E-9E135926EBE8}.RelWithDebInfo|x86.Build.0 = Release|Any CPU
		{A0CC829C-E3B5-419B-A303-5A710389B74D}.Debug|Any CPU.ActiveCfg = Debug|Any CPU
		{A0CC829C-E3B5-419B-A303-5A710389B74D}.Debug|Any CPU.Build.0 = Debug|Any CPU
		{A0CC829C-E3B5-419B-A303-5A710389B74D}.Debug|Mixed.ActiveCfg = Debug|Any CPU
		{A0CC829C-E3B5-419B-A303-5A710389B74D}.Debug|Mixed.Build.0 = Debug|Any CPU
		{A0CC829C-E3B5-419B-A303-5A710389B74D}.Debug|x64.ActiveCfg = Debug|Any CPU
		{A0CC829C-E3B5-419B-A303-5A710389B74D}.Debug|x64.Build.0 = Debug|Any CPU
		{A0CC829C-E3B5-419B-A303-5A710389B74D}.Debug|x86.ActiveCfg = Debug|Any CPU
		{A0CC829C-E3B5-419B-A303-5A710389B74D}.Debug|x86.Build.0 = Debug|Any CPU
		{A0CC829C-E3B5-419B-A303-5A710389B74D}.MinSizeRel|Any CPU.ActiveCfg = Release|Any CPU
		{A0CC829C-E3B5-419B-A303-5A710389B74D}.MinSizeRel|Any CPU.Build.0 = Release|Any CPU
		{A0CC829C-E3B5-419B-A303-5A710389B74D}.MinSizeRel|Mixed.ActiveCfg = Release|Any CPU
		{A0CC829C-E3B5-419B-A303-5A710389B74D}.MinSizeRel|Mixed.Build.0 = Release|Any CPU
		{A0CC829C-E3B5-419B-A303-5A710389B74D}.MinSizeRel|x64.ActiveCfg = Release|Any CPU
		{A0CC829C-E3B5-419B-A303-5A710389B74D}.MinSizeRel|x64.Build.0 = Release|Any CPU
		{A0CC829C-E3B5-419B-A303-5A710389B74D}.MinSizeRel|x86.ActiveCfg = Release|Any CPU
		{A0CC829C-E3B5-419B-A303-5A710389B74D}.MinSizeRel|x86.Build.0 = Release|Any CPU
		{A0CC829C-E3B5-419B-A303-5A710389B74D}.Release|Any CPU.ActiveCfg = Release|Any CPU
		{A0CC829C-E3B5-419B-A303-5A710389B74D}.Release|Any CPU.Build.0 = Release|Any CPU
		{A0CC829C-E3B5-419B-A303-5A710389B74D}.Release|Mixed.ActiveCfg = Release|Any CPU
		{A0CC829C-E3B5-419B-A303-5A710389B74D}.Release|Mixed.Build.0 = Release|Any CPU
		{A0CC829C-E3B5-419B-A303-5A710389B74D}.Release|x64.ActiveCfg = Release|Any CPU
		{A0CC829C-E3B5-419B-A303-5A710389B74D}.Release|x64.Build.0 = Release|Any CPU
		{A0CC829C-E3B5-419B-A303-5A710389B74D}.Release|x86.ActiveCfg = Release|Any CPU
		{A0CC829C-E3B5-419B-A303-5A710389B74D}.Release|x86.Build.0 = Release|Any CPU
		{A0CC829C-E3B5-419B-A303-5A710389B74D}.RelWithDebInfo|Any CPU.ActiveCfg = Release|Any CPU
		{A0CC829C-E3B5-419B-A303-5A710389B74D}.RelWithDebInfo|Any CPU.Build.0 = Release|Any CPU
		{A0CC829C-E3B5-419B-A303-5A710389B74D}.RelWithDebInfo|Mixed.ActiveCfg = Release|Any CPU
		{A0CC829C-E3B5-419B-A303-5A710389B74D}.RelWithDebInfo|Mixed.Build.0 = Release|Any CPU
		{A0CC829C-E3B5-419B-A303-5A710389B74D}.RelWithDebInfo|x64.ActiveCfg = Release|Any CPU
		{A0CC829C-E3B5-419B-A303-5A710389B74D}.RelWithDebInfo|x64.Build.0 = Release|Any CPU
		{A0CC829C-E3B5-419B-A303-5A710389B74D}.RelWithDebInfo|x86.ActiveCfg = Release|Any CPU
		{A0CC829C-E3B5-419B-A303-5A710389B74D}.RelWithDebInfo|x86.Build.0 = Release|Any CPU
		{776CB808-45B2-4D13-8B5D-E48BD0B37AB2}.Debug|Any CPU.ActiveCfg = Debug|Any CPU
		{776CB808-45B2-4D13-8B5D-E48BD0B37AB2}.Debug|Any CPU.Build.0 = Debug|Any CPU
		{776CB808-45B2-4D13-8B5D-E48BD0B37AB2}.Debug|Mixed.ActiveCfg = Debug|Any CPU
		{776CB808-45B2-4D13-8B5D-E48BD0B37AB2}.Debug|Mixed.Build.0 = Debug|Any CPU
		{776CB808-45B2-4D13-8B5D-E48BD0B37AB2}.Debug|x64.ActiveCfg = Debug|Any CPU
		{776CB808-45B2-4D13-8B5D-E48BD0B37AB2}.Debug|x64.Build.0 = Debug|Any CPU
		{776CB808-45B2-4D13-8B5D-E48BD0B37AB2}.Debug|x86.ActiveCfg = Debug|Any CPU
		{776CB808-45B2-4D13-8B5D-E48BD0B37AB2}.Debug|x86.Build.0 = Debug|Any CPU
		{776CB808-45B2-4D13-8B5D-E48BD0B37AB2}.MinSizeRel|Any CPU.ActiveCfg = Release|Any CPU
		{776CB808-45B2-4D13-8B5D-E48BD0B37AB2}.MinSizeRel|Any CPU.Build.0 = Release|Any CPU
		{776CB808-45B2-4D13-8B5D-E48BD0B37AB2}.MinSizeRel|Mixed.ActiveCfg = Release|Any CPU
		{776CB808-45B2-4D13-8B5D-E48BD0B37AB2}.MinSizeRel|Mixed.Build.0 = Release|Any CPU
		{776CB808-45B2-4D13-8B5D-E48BD0B37AB2}.MinSizeRel|x64.ActiveCfg = Release|Any CPU
		{776CB808-45B2-4D13-8B5D-E48BD0B37AB2}.MinSizeRel|x64.Build.0 = Release|Any CPU
		{776CB808-45B2-4D13-8B5D-E48BD0B37AB2}.MinSizeRel|x86.ActiveCfg = Release|Any CPU
		{776CB808-45B2-4D13-8B5D-E48BD0B37AB2}.MinSizeRel|x86.Build.0 = Release|Any CPU
		{776CB808-45B2-4D13-8B5D-E48BD0B37AB2}.Release|Any CPU.ActiveCfg = Release|Any CPU
		{776CB808-45B2-4D13-8B5D-E48BD0B37AB2}.Release|Any CPU.Build.0 = Release|Any CPU
		{776CB808-45B2-4D13-8B5D-E48BD0B37AB2}.Release|Mixed.ActiveCfg = Release|Any CPU
		{776CB808-45B2-4D13-8B5D-E48BD0B37AB2}.Release|Mixed.Build.0 = Release|Any CPU
		{776CB808-45B2-4D13-8B5D-E48BD0B37AB2}.Release|x64.ActiveCfg = Release|Any CPU
		{776CB808-45B2-4D13-8B5D-E48BD0B37AB2}.Release|x64.Build.0 = Release|Any CPU
		{776CB808-45B2-4D13-8B5D-E48BD0B37AB2}.Release|x86.ActiveCfg = Release|Any CPU
		{776CB808-45B2-4D13-8B5D-E48BD0B37AB2}.Release|x86.Build.0 = Release|Any CPU
		{776CB808-45B2-4D13-8B5D-E48BD0B37AB2}.RelWithDebInfo|Any CPU.ActiveCfg = Release|Any CPU
		{776CB808-45B2-4D13-8B5D-E48BD0B37AB2}.RelWithDebInfo|Any CPU.Build.0 = Release|Any CPU
		{776CB808-45B2-4D13-8B5D-E48BD0B37AB2}.RelWithDebInfo|Mixed.ActiveCfg = Release|Any CPU
		{776CB808-45B2-4D13-8B5D-E48BD0B37AB2}.RelWithDebInfo|Mixed.Build.0 = Release|Any CPU
		{776CB808-45B2-4D13-8B5D-E48BD0B37AB2}.RelWithDebInfo|x64.ActiveCfg = Release|Any CPU
		{776CB808-45B2-4D13-8B5D-E48BD0B37AB2}.RelWithDebInfo|x64.Build.0 = Release|Any CPU
		{776CB808-45B2-4D13-8B5D-E48BD0B37AB2}.RelWithDebInfo|x86.ActiveCfg = Release|Any CPU
		{776CB808-45B2-4D13-8B5D-E48BD0B37AB2}.RelWithDebInfo|x86.Build.0 = Release|Any CPU
		{0C3EB2F7-92BA-4895-99FC-7098A16FFE8C}.Debug|Any CPU.ActiveCfg = Debug|Win32
		{0C3EB2F7-92BA-4895-99FC-7098A16FFE8C}.Debug|Any CPU.Build.0 = Debug|Win32
		{0C3EB2F7-92BA-4895-99FC-7098A16FFE8C}.Debug|Mixed.ActiveCfg = Debug|Win32
		{0C3EB2F7-92BA-4895-99FC-7098A16FFE8C}.Debug|Mixed.Build.0 = Debug|Win32
		{0C3EB2F7-92BA-4895-99FC-7098A16FFE8C}.Debug|x64.ActiveCfg = Debug|Win32
		{0C3EB2F7-92BA-4895-99FC-7098A16FFE8C}.Debug|x64.Build.0 = Debug|Win32
		{0C3EB2F7-92BA-4895-99FC-7098A16FFE8C}.Debug|x86.ActiveCfg = Debug|Win32
		{0C3EB2F7-92BA-4895-99FC-7098A16FFE8C}.Debug|x86.Build.0 = Debug|Win32
		{0C3EB2F7-92BA-4895-99FC-7098A16FFE8C}.MinSizeRel|Any CPU.ActiveCfg = Release|Win32
		{0C3EB2F7-92BA-4895-99FC-7098A16FFE8C}.MinSizeRel|Any CPU.Build.0 = Release|Win32
		{0C3EB2F7-92BA-4895-99FC-7098A16FFE8C}.MinSizeRel|Mixed.ActiveCfg = Release|Win32
		{0C3EB2F7-92BA-4895-99FC-7098A16FFE8C}.MinSizeRel|Mixed.Build.0 = Release|Win32
		{0C3EB2F7-92BA-4895-99FC-7098A16FFE8C}.MinSizeRel|x64.ActiveCfg = Release|Win32
		{0C3EB2F7-92BA-4895-99FC-7098A16FFE8C}.MinSizeRel|x64.Build.0 = Release|Win32
		{0C3EB2F7-92BA-4895-99FC-7098A16FFE8C}.MinSizeRel|x86.ActiveCfg = Release|Win32
		{0C3EB2F7-92BA-4895-99FC-7098A16FFE8C}.MinSizeRel|x86.Build.0 = Release|Win32
		{0C3EB2F7-92BA-4895-99FC-7098A16FFE8C}.Release|Any CPU.ActiveCfg = Release|Win32
		{0C3EB2F7-92BA-4895-99FC-7098A16FFE8C}.Release|Any CPU.Build.0 = Release|Win32
		{0C3EB2F7-92BA-4895-99FC-7098A16FFE8C}.Release|Mixed.ActiveCfg = Release|Win32
		{0C3EB2F7-92BA-4895-99FC-7098A16FFE8C}.Release|Mixed.Build.0 = Release|Win32
		{0C3EB2F7-92BA-4895-99FC-7098A16FFE8C}.Release|x64.ActiveCfg = Release|Win32
		{0C3EB2F7-92BA-4895-99FC-7098A16FFE8C}.Release|x64.Build.0 = Release|Win32
		{0C3EB2F7-92BA-4895-99FC-7098A16FFE8C}.Release|x86.ActiveCfg = Release|Win32
		{0C3EB2F7-92BA-4895-99FC-7098A16FFE8C}.Release|x86.Build.0 = Release|Win32
		{0C3EB2F7-92BA-4895-99FC-7098A16FFE8C}.RelWithDebInfo|Any CPU.ActiveCfg = Release|Win32
		{0C3EB2F7-92BA-4895-99FC-7098A16FFE8C}.RelWithDebInfo|Any CPU.Build.0 = Release|Win32
		{0C3EB2F7-92BA-4895-99FC-7098A16FFE8C}.RelWithDebInfo|Mixed.ActiveCfg = Release|Win32
		{0C3EB2F7-92BA-4895-99FC-7098A16FFE8C}.RelWithDebInfo|Mixed.Build.0 = Release|Win32
		{0C3EB2F7-92BA-4895-99FC-7098A16FFE8C}.RelWithDebInfo|x64.ActiveCfg = Release|Win32
		{0C3EB2F7-92BA-4895-99FC-7098A16FFE8C}.RelWithDebInfo|x64.Build.0 = Release|Win32
		{0C3EB2F7-92BA-4895-99FC-7098A16FFE8C}.RelWithDebInfo|x86.ActiveCfg = Release|Win32
		{0C3EB2F7-92BA-4895-99FC-7098A16FFE8C}.RelWithDebInfo|x86.Build.0 = Release|Win32
		{0FE20420-27E2-467F-AB2D-78B6A795B255}.Debug|Any CPU.ActiveCfg = Debug|Any CPU
		{0FE20420-27E2-467F-AB2D-78B6A795B255}.Debug|Any CPU.Build.0 = Debug|Any CPU
		{0FE20420-27E2-467F-AB2D-78B6A795B255}.Debug|Mixed.ActiveCfg = Debug|Any CPU
		{0FE20420-27E2-467F-AB2D-78B6A795B255}.Debug|Mixed.Build.0 = Debug|Any CPU
		{0FE20420-27E2-467F-AB2D-78B6A795B255}.Debug|x64.ActiveCfg = Debug|Any CPU
		{0FE20420-27E2-467F-AB2D-78B6A795B255}.Debug|x64.Build.0 = Debug|Any CPU
		{0FE20420-27E2-467F-AB2D-78B6A795B255}.Debug|x86.ActiveCfg = Debug|Any CPU
		{0FE20420-27E2-467F-AB2D-78B6A795B255}.Debug|x86.Build.0 = Debug|Any CPU
		{0FE20420-27E2-467F-AB2D-78B6A795B255}.MinSizeRel|Any CPU.ActiveCfg = Release|Any CPU
		{0FE20420-27E2-467F-AB2D-78B6A795B255}.MinSizeRel|Any CPU.Build.0 = Release|Any CPU
		{0FE20420-27E2-467F-AB2D-78B6A795B255}.MinSizeRel|Mixed.ActiveCfg = Release|Any CPU
		{0FE20420-27E2-467F-AB2D-78B6A795B255}.MinSizeRel|Mixed.Build.0 = Release|Any CPU
		{0FE20420-27E2-467F-AB2D-78B6A795B255}.MinSizeRel|x64.ActiveCfg = Release|Any CPU
		{0FE20420-27E2-467F-AB2D-78B6A795B255}.MinSizeRel|x64.Build.0 = Release|Any CPU
		{0FE20420-27E2-467F-AB2D-78B6A795B255}.MinSizeRel|x86.ActiveCfg = Release|Any CPU
		{0FE20420-27E2-467F-AB2D-78B6A795B255}.MinSizeRel|x86.Build.0 = Release|Any CPU
		{0FE20420-27E2-467F-AB2D-78B6A795B255}.Release|Any CPU.ActiveCfg = Release|Any CPU
		{0FE20420-27E2-467F-AB2D-78B6A795B255}.Release|Any CPU.Build.0 = Release|Any CPU
		{0FE20420-27E2-467F-AB2D-78B6A795B255}.Release|Mixed.ActiveCfg = Release|Any CPU
		{0FE20420-27E2-467F-AB2D-78B6A795B255}.Release|Mixed.Build.0 = Release|Any CPU
		{0FE20420-27E2-467F-AB2D-78B6A795B255}.Release|x64.ActiveCfg = Release|Any CPU
		{0FE20420-27E2-467F-AB2D-78B6A795B255}.Release|x64.Build.0 = Release|Any CPU
		{0FE20420-27E2-467F-AB2D-78B6A795B255}.Release|x86.ActiveCfg = Release|Any CPU
		{0FE20420-27E2-467F-AB2D-78B6A795B255}.Release|x86.Build.0 = Release|Any CPU
		{0FE20420-27E2-467F-AB2D-78B6A795B255}.RelWithDebInfo|Any CPU.ActiveCfg = Release|Any CPU
		{0FE20420-27E2-467F-AB2D-78B6A795B255}.RelWithDebInfo|Any CPU.Build.0 = Release|Any CPU
		{0FE20420-27E2-467F-AB2D-78B6A795B255}.RelWithDebInfo|Mixed.ActiveCfg = Release|Any CPU
		{0FE20420-27E2-467F-AB2D-78B6A795B255}.RelWithDebInfo|Mixed.Build.0 = Release|Any CPU
		{0FE20420-27E2-467F-AB2D-78B6A795B255}.RelWithDebInfo|x64.ActiveCfg = Release|Any CPU
		{0FE20420-27E2-467F-AB2D-78B6A795B255}.RelWithDebInfo|x64.Build.0 = Release|Any CPU
		{0FE20420-27E2-467F-AB2D-78B6A795B255}.RelWithDebInfo|x86.ActiveCfg = Release|Any CPU
		{0FE20420-27E2-467F-AB2D-78B6A795B255}.RelWithDebInfo|x86.Build.0 = Release|Any CPU
		{71033F61-0D65-468E-81E7-A5765BCF9282}.Debug|Any CPU.ActiveCfg = Debug|x64
		{71033F61-0D65-468E-81E7-A5765BCF9282}.Debug|Any CPU.Build.0 = Debug|x64
		{71033F61-0D65-468E-81E7-A5765BCF9282}.Debug|Mixed.ActiveCfg = Debug|x64
		{71033F61-0D65-468E-81E7-A5765BCF9282}.Debug|Mixed.Build.0 = Debug|x64
		{71033F61-0D65-468E-81E7-A5765BCF9282}.Debug|x64.ActiveCfg = Debug|x64
		{71033F61-0D65-468E-81E7-A5765BCF9282}.Debug|x64.Build.0 = Debug|x64
		{71033F61-0D65-468E-81E7-A5765BCF9282}.Debug|x86.ActiveCfg = Debug|x64
		{71033F61-0D65-468E-81E7-A5765BCF9282}.Debug|x86.Build.0 = Debug|x64
		{71033F61-0D65-468E-81E7-A5765BCF9282}.MinSizeRel|Any CPU.ActiveCfg = Release|x64
		{71033F61-0D65-468E-81E7-A5765BCF9282}.MinSizeRel|Any CPU.Build.0 = Release|x64
		{71033F61-0D65-468E-81E7-A5765BCF9282}.MinSizeRel|Mixed.ActiveCfg = Release|x64
		{71033F61-0D65-468E-81E7-A5765BCF9282}.MinSizeRel|Mixed.Build.0 = Release|x64
		{71033F61-0D65-468E-81E7-A5765BCF9282}.MinSizeRel|x64.ActiveCfg = Release|x64
		{71033F61-0D65-468E-81E7-A5765BCF9282}.MinSizeRel|x64.Build.0 = Release|x64
		{71033F61-0D65-468E-81E7-A5765BCF9282}.MinSizeRel|x86.ActiveCfg = Release|x64
		{71033F61-0D65-468E-81E7-A5765BCF9282}.MinSizeRel|x86.Build.0 = Release|x64
		{71033F61-0D65-468E-81E7-A5765BCF9282}.Release|Any CPU.ActiveCfg = Release|x64
		{71033F61-0D65-468E-81E7-A5765BCF9282}.Release|Any CPU.Build.0 = Release|x64
		{71033F61-0D65-468E-81E7-A5765BCF9282}.Release|Mixed.ActiveCfg = Release|x64
		{71033F61-0D65-468E-81E7-A5765BCF9282}.Release|Mixed.Build.0 = Release|x64
		{71033F61-0D65-468E-81E7-A5765BCF9282}.Release|x64.ActiveCfg = Release|x64
		{71033F61-0D65-468E-81E7-A5765BCF9282}.Release|x64.Build.0 = Release|x64
		{71033F61-0D65-468E-81E7-A5765BCF9282}.Release|x86.ActiveCfg = Release|x64
		{71033F61-0D65-468E-81E7-A5765BCF9282}.Release|x86.Build.0 = Release|x64
		{71033F61-0D65-468E-81E7-A5765BCF9282}.RelWithDebInfo|Any CPU.ActiveCfg = Release|x64
		{71033F61-0D65-468E-81E7-A5765BCF9282}.RelWithDebInfo|Any CPU.Build.0 = Release|x64
		{71033F61-0D65-468E-81E7-A5765BCF9282}.RelWithDebInfo|Mixed.ActiveCfg = Release|x64
		{71033F61-0D65-468E-81E7-A5765BCF9282}.RelWithDebInfo|Mixed.Build.0 = Release|x64
		{71033F61-0D65-468E-81E7-A5765BCF9282}.RelWithDebInfo|x64.ActiveCfg = Release|x64
		{71033F61-0D65-468E-81E7-A5765BCF9282}.RelWithDebInfo|x64.Build.0 = Release|x64
		{71033F61-0D65-468E-81E7-A5765BCF9282}.RelWithDebInfo|x86.ActiveCfg = Release|x64
		{71033F61-0D65-468E-81E7-A5765BCF9282}.RelWithDebInfo|x86.Build.0 = Release|x64
		{36994939-E133-43BD-8819-48EECF943E7E}.Debug|Any CPU.ActiveCfg = Debug|Any CPU
		{36994939-E133-43BD-8819-48EECF943E7E}.Debug|Any CPU.Build.0 = Debug|Any CPU
		{36994939-E133-43BD-8819-48EECF943E7E}.Debug|Mixed.ActiveCfg = Debug|Any CPU
		{36994939-E133-43BD-8819-48EECF943E7E}.Debug|Mixed.Build.0 = Debug|Any CPU
		{36994939-E133-43BD-8819-48EECF943E7E}.Debug|x64.ActiveCfg = Debug|Any CPU
		{36994939-E133-43BD-8819-48EECF943E7E}.Debug|x64.Build.0 = Debug|Any CPU
		{36994939-E133-43BD-8819-48EECF943E7E}.Debug|x86.ActiveCfg = Debug|Any CPU
		{36994939-E133-43BD-8819-48EECF943E7E}.Debug|x86.Build.0 = Debug|Any CPU
		{36994939-E133-43BD-8819-48EECF943E7E}.MinSizeRel|Any CPU.ActiveCfg = Release|Any CPU
		{36994939-E133-43BD-8819-48EECF943E7E}.MinSizeRel|Any CPU.Build.0 = Release|Any CPU
		{36994939-E133-43BD-8819-48EECF943E7E}.MinSizeRel|Mixed.ActiveCfg = Release|Any CPU
		{36994939-E133-43BD-8819-48EECF943E7E}.MinSizeRel|Mixed.Build.0 = Release|Any CPU
		{36994939-E133-43BD-8819-48EECF943E7E}.MinSizeRel|x64.ActiveCfg = Release|Any CPU
		{36994939-E133-43BD-8819-48EECF943E7E}.MinSizeRel|x64.Build.0 = Release|Any CPU
		{36994939-E133-43BD-8819-48EECF943E7E}.MinSizeRel|x86.ActiveCfg = Release|Any CPU
		{36994939-E133-43BD-8819-48EECF943E7E}.MinSizeRel|x86.Build.0 = Release|Any CPU
		{36994939-E133-43BD-8819-48EECF943E7E}.Release|Any CPU.ActiveCfg = Release|Any CPU
		{36994939-E133-43BD-8819-48EECF943E7E}.Release|Any CPU.Build.0 = Release|Any CPU
		{36994939-E133-43BD-8819-48EECF943E7E}.Release|Mixed.ActiveCfg = Release|Any CPU
		{36994939-E133-43BD-8819-48EECF943E7E}.Release|Mixed.Build.0 = Release|Any CPU
		{36994939-E133-43BD-8819-48EECF943E7E}.Release|x64.ActiveCfg = Release|Any CPU
		{36994939-E133-43BD-8819-48EECF943E7E}.Release|x64.Build.0 = Release|Any CPU
		{36994939-E133-43BD-8819-48EECF943E7E}.Release|x86.ActiveCfg = Release|Any CPU
		{36994939-E133-43BD-8819-48EECF943E7E}.Release|x86.Build.0 = Release|Any CPU
		{36994939-E133-43BD-8819-48EECF943E7E}.RelWithDebInfo|Any CPU.ActiveCfg = Release|Any CPU
		{36994939-E133-43BD-8819-48EECF943E7E}.RelWithDebInfo|Any CPU.Build.0 = Release|Any CPU
		{36994939-E133-43BD-8819-48EECF943E7E}.RelWithDebInfo|Mixed.ActiveCfg = Release|Any CPU
		{36994939-E133-43BD-8819-48EECF943E7E}.RelWithDebInfo|Mixed.Build.0 = Release|Any CPU
		{36994939-E133-43BD-8819-48EECF943E7E}.RelWithDebInfo|x64.ActiveCfg = Release|Any CPU
		{36994939-E133-43BD-8819-48EECF943E7E}.RelWithDebInfo|x64.Build.0 = Release|Any CPU
		{36994939-E133-43BD-8819-48EECF943E7E}.RelWithDebInfo|x86.ActiveCfg = Release|Any CPU
		{36994939-E133-43BD-8819-48EECF943E7E}.RelWithDebInfo|x86.Build.0 = Release|Any CPU
		{5DE7F97C-B97B-489F-A1E4-9F9656317F94}.Debug|Any CPU.ActiveCfg = Debug|Win32
		{5DE7F97C-B97B-489F-A1E4-9F9656317F94}.Debug|Any CPU.Build.0 = Debug|Win32
		{5DE7F97C-B97B-489F-A1E4-9F9656317F94}.Debug|Mixed.ActiveCfg = Debug|Win32
		{5DE7F97C-B97B-489F-A1E4-9F9656317F94}.Debug|Mixed.Build.0 = Debug|Win32
		{5DE7F97C-B97B-489F-A1E4-9F9656317F94}.Debug|x64.ActiveCfg = Debug|Win32
		{5DE7F97C-B97B-489F-A1E4-9F9656317F94}.Debug|x64.Build.0 = Debug|Win32
		{5DE7F97C-B97B-489F-A1E4-9F9656317F94}.Debug|x86.ActiveCfg = Debug|Win32
		{5DE7F97C-B97B-489F-A1E4-9F9656317F94}.Debug|x86.Build.0 = Debug|Win32
		{5DE7F97C-B97B-489F-A1E4-9F9656317F94}.MinSizeRel|Any CPU.ActiveCfg = Release|Win32
		{5DE7F97C-B97B-489F-A1E4-9F9656317F94}.MinSizeRel|Any CPU.Build.0 = Release|Win32
		{5DE7F97C-B97B-489F-A1E4-9F9656317F94}.MinSizeRel|Mixed.ActiveCfg = Release|Win32
		{5DE7F97C-B97B-489F-A1E4-9F9656317F94}.MinSizeRel|Mixed.Build.0 = Release|Win32
		{5DE7F97C-B97B-489F-A1E4-9F9656317F94}.MinSizeRel|x64.ActiveCfg = Release|Win32
		{5DE7F97C-B97B-489F-A1E4-9F9656317F94}.MinSizeRel|x64.Build.0 = Release|Win32
		{5DE7F97C-B97B-489F-A1E4-9F9656317F94}.MinSizeRel|x86.ActiveCfg = Release|Win32
		{5DE7F97C-B97B-489F-A1E4-9F9656317F94}.MinSizeRel|x86.Build.0 = Release|Win32
		{5DE7F97C-B97B-489F-A1E4-9F9656317F94}.Release|Any CPU.ActiveCfg = Release|Win32
		{5DE7F97C-B97B-489F-A1E4-9F9656317F94}.Release|Any CPU.Build.0 = Release|Win32
		{5DE7F97C-B97B-489F-A1E4-9F9656317F94}.Release|Mixed.ActiveCfg = Release|Win32
		{5DE7F97C-B97B-489F-A1E4-9F9656317F94}.Release|Mixed.Build.0 = Release|Win32
		{5DE7F97C-B97B-489F-A1E4-9F9656317F94}.Release|x64.ActiveCfg = Release|Win32
		{5DE7F97C-B97B-489F-A1E4-9F9656317F94}.Release|x64.Build.0 = Release|Win32
		{5DE7F97C-B97B-489F-A1E4-9F9656317F94}.Release|x86.ActiveCfg = Release|Win32
		{5DE7F97C-B97B-489F-A1E4-9F9656317F94}.Release|x86.Build.0 = Release|Win32
		{5DE7F97C-B97B-489F-A1E4-9F9656317F94}.RelWithDebInfo|Any CPU.ActiveCfg = Release|Win32
		{5DE7F97C-B97B-489F-A1E4-9F9656317F94}.RelWithDebInfo|Any CPU.Build.0 = Release|Win32
		{5DE7F97C-B97B-489F-A1E4-9F9656317F94}.RelWithDebInfo|Mixed.ActiveCfg = Release|Win32
		{5DE7F97C-B97B-489F-A1E4-9F9656317F94}.RelWithDebInfo|Mixed.Build.0 = Release|Win32
		{5DE7F97C-B97B-489F-A1E4-9F9656317F94}.RelWithDebInfo|x64.ActiveCfg = Release|Win32
		{5DE7F97C-B97B-489F-A1E4-9F9656317F94}.RelWithDebInfo|x64.Build.0 = Release|Win32
		{5DE7F97C-B97B-489F-A1E4-9F9656317F94}.RelWithDebInfo|x86.ActiveCfg = Release|Win32
		{5DE7F97C-B97B-489F-A1E4-9F9656317F94}.RelWithDebInfo|x86.Build.0 = Release|Win32
		{E9771628-EF64-4DD8-9906-E7B1990A0FB9}.Debug|Any CPU.ActiveCfg = Debug|x64
		{E9771628-EF64-4DD8-9906-E7B1990A0FB9}.Debug|Any CPU.Build.0 = Debug|x64
		{E9771628-EF64-4DD8-9906-E7B1990A0FB9}.Debug|Mixed.ActiveCfg = Debug|x64
		{E9771628-EF64-4DD8-9906-E7B1990A0FB9}.Debug|Mixed.Build.0 = Debug|x64
		{E9771628-EF64-4DD8-9906-E7B1990A0FB9}.Debug|x64.ActiveCfg = Debug|x64
		{E9771628-EF64-4DD8-9906-E7B1990A0FB9}.Debug|x64.Build.0 = Debug|x64
		{E9771628-EF64-4DD8-9906-E7B1990A0FB9}.Debug|x86.ActiveCfg = Debug|x64
		{E9771628-EF64-4DD8-9906-E7B1990A0FB9}.Debug|x86.Build.0 = Debug|x64
		{E9771628-EF64-4DD8-9906-E7B1990A0FB9}.MinSizeRel|Any CPU.ActiveCfg = Release|x64
		{E9771628-EF64-4DD8-9906-E7B1990A0FB9}.MinSizeRel|Any CPU.Build.0 = Release|x64
		{E9771628-EF64-4DD8-9906-E7B1990A0FB9}.MinSizeRel|Mixed.ActiveCfg = Release|x64
		{E9771628-EF64-4DD8-9906-E7B1990A0FB9}.MinSizeRel|Mixed.Build.0 = Release|x64
		{E9771628-EF64-4DD8-9906-E7B1990A0FB9}.MinSizeRel|x64.ActiveCfg = Release|x64
		{E9771628-EF64-4DD8-9906-E7B1990A0FB9}.MinSizeRel|x64.Build.0 = Release|x64
		{E9771628-EF64-4DD8-9906-E7B1990A0FB9}.MinSizeRel|x86.ActiveCfg = Release|x64
		{E9771628-EF64-4DD8-9906-E7B1990A0FB9}.MinSizeRel|x86.Build.0 = Release|x64
		{E9771628-EF64-4DD8-9906-E7B1990A0FB9}.Release|Any CPU.ActiveCfg = Release|x64
		{E9771628-EF64-4DD8-9906-E7B1990A0FB9}.Release|Any CPU.Build.0 = Release|x64
		{E9771628-EF64-4DD8-9906-E7B1990A0FB9}.Release|Mixed.ActiveCfg = Release|x64
		{E9771628-EF64-4DD8-9906-E7B1990A0FB9}.Release|Mixed.Build.0 = Release|x64
		{E9771628-EF64-4DD8-9906-E7B1990A0FB9}.Release|x64.ActiveCfg = Release|x64
		{E9771628-EF64-4DD8-9906-E7B1990A0FB9}.Release|x64.Build.0 = Release|x64
		{E9771628-EF64-4DD8-9906-E7B1990A0FB9}.Release|x86.ActiveCfg = Release|x64
		{E9771628-EF64-4DD8-9906-E7B1990A0FB9}.Release|x86.Build.0 = Release|x64
		{E9771628-EF64-4DD8-9906-E7B1990A0FB9}.RelWithDebInfo|Any CPU.ActiveCfg = Release|x64
		{E9771628-EF64-4DD8-9906-E7B1990A0FB9}.RelWithDebInfo|Any CPU.Build.0 = Release|x64
		{E9771628-EF64-4DD8-9906-E7B1990A0FB9}.RelWithDebInfo|Mixed.ActiveCfg = Release|x64
		{E9771628-EF64-4DD8-9906-E7B1990A0FB9}.RelWithDebInfo|Mixed.Build.0 = Release|x64
		{E9771628-EF64-4DD8-9906-E7B1990A0FB9}.RelWithDebInfo|x64.ActiveCfg = Release|x64
		{E9771628-EF64-4DD8-9906-E7B1990A0FB9}.RelWithDebInfo|x64.Build.0 = Release|x64
		{E9771628-EF64-4DD8-9906-E7B1990A0FB9}.RelWithDebInfo|x86.ActiveCfg = Release|x64
		{E9771628-EF64-4DD8-9906-E7B1990A0FB9}.RelWithDebInfo|x86.Build.0 = Release|x64
		{BFD7273C-97B4-428F-BB5E-C1299B2EBA41}.Debug|Any CPU.ActiveCfg = Debug|Any CPU
		{BFD7273C-97B4-428F-BB5E-C1299B2EBA41}.Debug|Any CPU.Build.0 = Debug|Any CPU
		{BFD7273C-97B4-428F-BB5E-C1299B2EBA41}.Debug|Mixed.ActiveCfg = Debug|Any CPU
		{BFD7273C-97B4-428F-BB5E-C1299B2EBA41}.Debug|Mixed.Build.0 = Debug|Any CPU
		{BFD7273C-97B4-428F-BB5E-C1299B2EBA41}.Debug|x64.ActiveCfg = Debug|Any CPU
		{BFD7273C-97B4-428F-BB5E-C1299B2EBA41}.Debug|x64.Build.0 = Debug|Any CPU
		{BFD7273C-97B4-428F-BB5E-C1299B2EBA41}.Debug|x86.ActiveCfg = Debug|Any CPU
		{BFD7273C-97B4-428F-BB5E-C1299B2EBA41}.Debug|x86.Build.0 = Debug|Any CPU
		{BFD7273C-97B4-428F-BB5E-C1299B2EBA41}.MinSizeRel|Any CPU.ActiveCfg = Release|Any CPU
		{BFD7273C-97B4-428F-BB5E-C1299B2EBA41}.MinSizeRel|Any CPU.Build.0 = Release|Any CPU
		{BFD7273C-97B4-428F-BB5E-C1299B2EBA41}.MinSizeRel|Mixed.ActiveCfg = Release|Any CPU
		{BFD7273C-97B4-428F-BB5E-C1299B2EBA41}.MinSizeRel|Mixed.Build.0 = Release|Any CPU
		{BFD7273C-97B4-428F-BB5E-C1299B2EBA41}.MinSizeRel|x64.ActiveCfg = Release|Any CPU
		{BFD7273C-97B4-428F-BB5E-C1299B2EBA41}.MinSizeRel|x64.Build.0 = Release|Any CPU
		{BFD7273C-97B4-428F-BB5E-C1299B2EBA41}.MinSizeRel|x86.ActiveCfg = Release|Any CPU
		{BFD7273C-97B4-428F-BB5E-C1299B2EBA41}.MinSizeRel|x86.Build.0 = Release|Any CPU
		{BFD7273C-97B4-428F-BB5E-C1299B2EBA41}.Release|Any CPU.ActiveCfg = Release|Any CPU
		{BFD7273C-97B4-428F-BB5E-C1299B2EBA41}.Release|Any CPU.Build.0 = Release|Any CPU
		{BFD7273C-97B4-428F-BB5E-C1299B2EBA41}.Release|Mixed.ActiveCfg = Release|Any CPU
		{BFD7273C-97B4-428F-BB5E-C1299B2EBA41}.Release|Mixed.Build.0 = Release|Any CPU
		{BFD7273C-97B4-428F-BB5E-C1299B2EBA41}.Release|x64.ActiveCfg = Release|Any CPU
		{BFD7273C-97B4-428F-BB5E-C1299B2EBA41}.Release|x64.Build.0 = Release|Any CPU
		{BFD7273C-97B4-428F-BB5E-C1299B2EBA41}.Release|x86.ActiveCfg = Release|Any CPU
		{BFD7273C-97B4-428F-BB5E-C1299B2EBA41}.Release|x86.Build.0 = Release|Any CPU
		{BFD7273C-97B4-428F-BB5E-C1299B2EBA41}.RelWithDebInfo|Any CPU.ActiveCfg = Release|Any CPU
		{BFD7273C-97B4-428F-BB5E-C1299B2EBA41}.RelWithDebInfo|Any CPU.Build.0 = Release|Any CPU
		{BFD7273C-97B4-428F-BB5E-C1299B2EBA41}.RelWithDebInfo|Mixed.ActiveCfg = Release|Any CPU
		{BFD7273C-97B4-428F-BB5E-C1299B2EBA41}.RelWithDebInfo|Mixed.Build.0 = Release|Any CPU
		{BFD7273C-97B4-428F-BB5E-C1299B2EBA41}.RelWithDebInfo|x64.ActiveCfg = Release|Any CPU
		{BFD7273C-97B4-428F-BB5E-C1299B2EBA41}.RelWithDebInfo|x64.Build.0 = Release|Any CPU
		{BFD7273C-97B4-428F-BB5E-C1299B2EBA41}.RelWithDebInfo|x86.ActiveCfg = Release|Any CPU
		{BFD7273C-97B4-428F-BB5E-C1299B2EBA41}.RelWithDebInfo|x86.Build.0 = Release|Any CPU
		{D46A9A80-9DFA-4CBA-9FA3-4CFFDC5A142D}.Debug|Any CPU.ActiveCfg = Debug|Any CPU
		{D46A9A80-9DFA-4CBA-9FA3-4CFFDC5A142D}.Debug|Any CPU.Build.0 = Debug|Any CPU
		{D46A9A80-9DFA-4CBA-9FA3-4CFFDC5A142D}.Debug|Mixed.ActiveCfg = Debug|Any CPU
		{D46A9A80-9DFA-4CBA-9FA3-4CFFDC5A142D}.Debug|Mixed.Build.0 = Debug|Any CPU
		{D46A9A80-9DFA-4CBA-9FA3-4CFFDC5A142D}.Debug|x64.ActiveCfg = Debug|Any CPU
		{D46A9A80-9DFA-4CBA-9FA3-4CFFDC5A142D}.Debug|x64.Build.0 = Debug|Any CPU
		{D46A9A80-9DFA-4CBA-9FA3-4CFFDC5A142D}.Debug|x86.ActiveCfg = Debug|Any CPU
		{D46A9A80-9DFA-4CBA-9FA3-4CFFDC5A142D}.Debug|x86.Build.0 = Debug|Any CPU
		{D46A9A80-9DFA-4CBA-9FA3-4CFFDC5A142D}.MinSizeRel|Any CPU.ActiveCfg = Release|Any CPU
		{D46A9A80-9DFA-4CBA-9FA3-4CFFDC5A142D}.MinSizeRel|Any CPU.Build.0 = Release|Any CPU
		{D46A9A80-9DFA-4CBA-9FA3-4CFFDC5A142D}.MinSizeRel|Mixed.ActiveCfg = Release|Any CPU
		{D46A9A80-9DFA-4CBA-9FA3-4CFFDC5A142D}.MinSizeRel|Mixed.Build.0 = Release|Any CPU
		{D46A9A80-9DFA-4CBA-9FA3-4CFFDC5A142D}.MinSizeRel|x64.ActiveCfg = Release|Any CPU
		{D46A9A80-9DFA-4CBA-9FA3-4CFFDC5A142D}.MinSizeRel|x64.Build.0 = Release|Any CPU
		{D46A9A80-9DFA-4CBA-9FA3-4CFFDC5A142D}.MinSizeRel|x86.ActiveCfg = Release|Any CPU
		{D46A9A80-9DFA-4CBA-9FA3-4CFFDC5A142D}.MinSizeRel|x86.Build.0 = Release|Any CPU
		{D46A9A80-9DFA-4CBA-9FA3-4CFFDC5A142D}.Release|Any CPU.ActiveCfg = Release|Any CPU
		{D46A9A80-9DFA-4CBA-9FA3-4CFFDC5A142D}.Release|Any CPU.Build.0 = Release|Any CPU
		{D46A9A80-9DFA-4CBA-9FA3-4CFFDC5A142D}.Release|Mixed.ActiveCfg = Release|Any CPU
		{D46A9A80-9DFA-4CBA-9FA3-4CFFDC5A142D}.Release|Mixed.Build.0 = Release|Any CPU
		{D46A9A80-9DFA-4CBA-9FA3-4CFFDC5A142D}.Release|x64.ActiveCfg = Release|Any CPU
		{D46A9A80-9DFA-4CBA-9FA3-4CFFDC5A142D}.Release|x64.Build.0 = Release|Any CPU
		{D46A9A80-9DFA-4CBA-9FA3-4CFFDC5A142D}.Release|x86.ActiveCfg = Release|Any CPU
		{D46A9A80-9DFA-4CBA-9FA3-4CFFDC5A142D}.Release|x86.Build.0 = Release|Any CPU
		{D46A9A80-9DFA-4CBA-9FA3-4CFFDC5A142D}.RelWithDebInfo|Any CPU.ActiveCfg = Release|Any CPU
		{D46A9A80-9DFA-4CBA-9FA3-4CFFDC5A142D}.RelWithDebInfo|Any CPU.Build.0 = Release|Any CPU
		{D46A9A80-9DFA-4CBA-9FA3-4CFFDC5A142D}.RelWithDebInfo|Mixed.ActiveCfg = Release|Any CPU
		{D46A9A80-9DFA-4CBA-9FA3-4CFFDC5A142D}.RelWithDebInfo|Mixed.Build.0 = Release|Any CPU
		{D46A9A80-9DFA-4CBA-9FA3-4CFFDC5A142D}.RelWithDebInfo|x64.ActiveCfg = Release|Any CPU
		{D46A9A80-9DFA-4CBA-9FA3-4CFFDC5A142D}.RelWithDebInfo|x64.Build.0 = Release|Any CPU
		{D46A9A80-9DFA-4CBA-9FA3-4CFFDC5A142D}.RelWithDebInfo|x86.ActiveCfg = Release|Any CPU
		{D46A9A80-9DFA-4CBA-9FA3-4CFFDC5A142D}.RelWithDebInfo|x86.Build.0 = Release|Any CPU
		{2ADCC09E-E6B0-4D3F-9789-69B257DC77A5}.Debug|Any CPU.ActiveCfg = Debug|Any CPU
		{2ADCC09E-E6B0-4D3F-9789-69B257DC77A5}.Debug|Any CPU.Build.0 = Debug|Any CPU
		{2ADCC09E-E6B0-4D3F-9789-69B257DC77A5}.Debug|Mixed.ActiveCfg = Debug|x86
		{2ADCC09E-E6B0-4D3F-9789-69B257DC77A5}.Debug|Mixed.Build.0 = Debug|x86
		{2ADCC09E-E6B0-4D3F-9789-69B257DC77A5}.Debug|x64.ActiveCfg = Debug|Any CPU
		{2ADCC09E-E6B0-4D3F-9789-69B257DC77A5}.Debug|x64.Build.0 = Debug|Any CPU
		{2ADCC09E-E6B0-4D3F-9789-69B257DC77A5}.Debug|x86.ActiveCfg = Debug|x86
		{2ADCC09E-E6B0-4D3F-9789-69B257DC77A5}.Debug|x86.Build.0 = Debug|x86
		{2ADCC09E-E6B0-4D3F-9789-69B257DC77A5}.MinSizeRel|Any CPU.ActiveCfg = Debug|Any CPU
		{2ADCC09E-E6B0-4D3F-9789-69B257DC77A5}.MinSizeRel|Any CPU.Build.0 = Debug|Any CPU
		{2ADCC09E-E6B0-4D3F-9789-69B257DC77A5}.MinSizeRel|Mixed.ActiveCfg = Debug|Any CPU
		{2ADCC09E-E6B0-4D3F-9789-69B257DC77A5}.MinSizeRel|Mixed.Build.0 = Debug|Any CPU
		{2ADCC09E-E6B0-4D3F-9789-69B257DC77A5}.MinSizeRel|x64.ActiveCfg = Debug|Any CPU
		{2ADCC09E-E6B0-4D3F-9789-69B257DC77A5}.MinSizeRel|x64.Build.0 = Debug|Any CPU
		{2ADCC09E-E6B0-4D3F-9789-69B257DC77A5}.MinSizeRel|x86.ActiveCfg = Release|x86
		{2ADCC09E-E6B0-4D3F-9789-69B257DC77A5}.MinSizeRel|x86.Build.0 = Release|x86
		{2ADCC09E-E6B0-4D3F-9789-69B257DC77A5}.Release|Any CPU.ActiveCfg = Release|Any CPU
		{2ADCC09E-E6B0-4D3F-9789-69B257DC77A5}.Release|Any CPU.Build.0 = Release|Any CPU
		{2ADCC09E-E6B0-4D3F-9789-69B257DC77A5}.Release|Mixed.ActiveCfg = Release|x86
		{2ADCC09E-E6B0-4D3F-9789-69B257DC77A5}.Release|Mixed.Build.0 = Release|x86
		{2ADCC09E-E6B0-4D3F-9789-69B257DC77A5}.Release|x64.ActiveCfg = Release|Any CPU
		{2ADCC09E-E6B0-4D3F-9789-69B257DC77A5}.Release|x64.Build.0 = Release|Any CPU
		{2ADCC09E-E6B0-4D3F-9789-69B257DC77A5}.Release|x86.ActiveCfg = Release|x86
		{2ADCC09E-E6B0-4D3F-9789-69B257DC77A5}.Release|x86.Build.0 = Release|x86
		{2ADCC09E-E6B0-4D3F-9789-69B257DC77A5}.RelWithDebInfo|Any CPU.ActiveCfg = Release|Any CPU
		{2ADCC09E-E6B0-4D3F-9789-69B257DC77A5}.RelWithDebInfo|Any CPU.Build.0 = Release|Any CPU
		{2ADCC09E-E6B0-4D3F-9789-69B257DC77A5}.RelWithDebInfo|Mixed.ActiveCfg = Release|Any CPU
		{2ADCC09E-E6B0-4D3F-9789-69B257DC77A5}.RelWithDebInfo|Mixed.Build.0 = Release|Any CPU
		{2ADCC09E-E6B0-4D3F-9789-69B257DC77A5}.RelWithDebInfo|x64.ActiveCfg = Release|Any CPU
		{2ADCC09E-E6B0-4D3F-9789-69B257DC77A5}.RelWithDebInfo|x64.Build.0 = Release|Any CPU
		{2ADCC09E-E6B0-4D3F-9789-69B257DC77A5}.RelWithDebInfo|x86.ActiveCfg = Release|x86
		{2ADCC09E-E6B0-4D3F-9789-69B257DC77A5}.RelWithDebInfo|x86.Build.0 = Release|x86
		{6A7830BB-A9C9-4375-8419-72E28F96FDEA}.Debug|Any CPU.ActiveCfg = Debug|Any CPU
		{6A7830BB-A9C9-4375-8419-72E28F96FDEA}.Debug|Any CPU.Build.0 = Debug|Any CPU
		{6A7830BB-A9C9-4375-8419-72E28F96FDEA}.Debug|Mixed.ActiveCfg = Debug|x64
		{6A7830BB-A9C9-4375-8419-72E28F96FDEA}.Debug|Mixed.Build.0 = Debug|x64
		{6A7830BB-A9C9-4375-8419-72E28F96FDEA}.Debug|x64.ActiveCfg = Debug|x64
		{6A7830BB-A9C9-4375-8419-72E28F96FDEA}.Debug|x64.Build.0 = Debug|x64
		{6A7830BB-A9C9-4375-8419-72E28F96FDEA}.Debug|x86.ActiveCfg = Debug|Any CPU
		{6A7830BB-A9C9-4375-8419-72E28F96FDEA}.Debug|x86.Build.0 = Debug|Any CPU
		{6A7830BB-A9C9-4375-8419-72E28F96FDEA}.MinSizeRel|Any CPU.ActiveCfg = Debug|Any CPU
		{6A7830BB-A9C9-4375-8419-72E28F96FDEA}.MinSizeRel|Any CPU.Build.0 = Debug|Any CPU
		{6A7830BB-A9C9-4375-8419-72E28F96FDEA}.MinSizeRel|Mixed.ActiveCfg = Debug|Any CPU
		{6A7830BB-A9C9-4375-8419-72E28F96FDEA}.MinSizeRel|Mixed.Build.0 = Debug|Any CPU
		{6A7830BB-A9C9-4375-8419-72E28F96FDEA}.MinSizeRel|x64.ActiveCfg = Release|x64
		{6A7830BB-A9C9-4375-8419-72E28F96FDEA}.MinSizeRel|x64.Build.0 = Release|x64
		{6A7830BB-A9C9-4375-8419-72E28F96FDEA}.MinSizeRel|x86.ActiveCfg = Release|Any CPU
		{6A7830BB-A9C9-4375-8419-72E28F96FDEA}.MinSizeRel|x86.Build.0 = Release|Any CPU
		{6A7830BB-A9C9-4375-8419-72E28F96FDEA}.Release|Any CPU.ActiveCfg = Release|Any CPU
		{6A7830BB-A9C9-4375-8419-72E28F96FDEA}.Release|Any CPU.Build.0 = Release|Any CPU
		{6A7830BB-A9C9-4375-8419-72E28F96FDEA}.Release|Mixed.ActiveCfg = Release|x64
		{6A7830BB-A9C9-4375-8419-72E28F96FDEA}.Release|Mixed.Build.0 = Release|x64
		{6A7830BB-A9C9-4375-8419-72E28F96FDEA}.Release|x64.ActiveCfg = Release|x64
		{6A7830BB-A9C9-4375-8419-72E28F96FDEA}.Release|x64.Build.0 = Release|x64
		{6A7830BB-A9C9-4375-8419-72E28F96FDEA}.Release|x86.ActiveCfg = Release|Any CPU
		{6A7830BB-A9C9-4375-8419-72E28F96FDEA}.Release|x86.Build.0 = Release|Any CPU
		{6A7830BB-A9C9-4375-8419-72E28F96FDEA}.RelWithDebInfo|Any CPU.ActiveCfg = Release|Any CPU
		{6A7830BB-A9C9-4375-8419-72E28F96FDEA}.RelWithDebInfo|Any CPU.Build.0 = Release|Any CPU
		{6A7830BB-A9C9-4375-8419-72E28F96FDEA}.RelWithDebInfo|Mixed.ActiveCfg = Release|Any CPU
		{6A7830BB-A9C9-4375-8419-72E28F96FDEA}.RelWithDebInfo|Mixed.Build.0 = Release|Any CPU
		{6A7830BB-A9C9-4375-8419-72E28F96FDEA}.RelWithDebInfo|x64.ActiveCfg = Release|x64
		{6A7830BB-A9C9-4375-8419-72E28F96FDEA}.RelWithDebInfo|x64.Build.0 = Release|x64
		{6A7830BB-A9C9-4375-8419-72E28F96FDEA}.RelWithDebInfo|x86.ActiveCfg = Release|Any CPU
		{6A7830BB-A9C9-4375-8419-72E28F96FDEA}.RelWithDebInfo|x86.Build.0 = Release|Any CPU
		{150D1E84-A740-44FA-A245-719C88297524}.Debug|Any CPU.ActiveCfg = Debug|Any CPU
		{150D1E84-A740-44FA-A245-719C88297524}.Debug|Any CPU.Build.0 = Debug|Any CPU
		{150D1E84-A740-44FA-A245-719C88297524}.Debug|Mixed.ActiveCfg = Debug|Any CPU
		{150D1E84-A740-44FA-A245-719C88297524}.Debug|Mixed.Build.0 = Debug|Any CPU
		{150D1E84-A740-44FA-A245-719C88297524}.Debug|x64.ActiveCfg = Debug|Any CPU
		{150D1E84-A740-44FA-A245-719C88297524}.Debug|x64.Build.0 = Debug|Any CPU
		{150D1E84-A740-44FA-A245-719C88297524}.Debug|x86.ActiveCfg = Debug|Any CPU
		{150D1E84-A740-44FA-A245-719C88297524}.Debug|x86.Build.0 = Debug|Any CPU
		{150D1E84-A740-44FA-A245-719C88297524}.MinSizeRel|Any CPU.ActiveCfg = Release|Any CPU
		{150D1E84-A740-44FA-A245-719C88297524}.MinSizeRel|Any CPU.Build.0 = Release|Any CPU
		{150D1E84-A740-44FA-A245-719C88297524}.MinSizeRel|Mixed.ActiveCfg = Release|Any CPU
		{150D1E84-A740-44FA-A245-719C88297524}.MinSizeRel|Mixed.Build.0 = Release|Any CPU
		{150D1E84-A740-44FA-A245-719C88297524}.MinSizeRel|x64.ActiveCfg = Release|Any CPU
		{150D1E84-A740-44FA-A245-719C88297524}.MinSizeRel|x64.Build.0 = Release|Any CPU
		{150D1E84-A740-44FA-A245-719C88297524}.MinSizeRel|x86.ActiveCfg = Release|Any CPU
		{150D1E84-A740-44FA-A245-719C88297524}.MinSizeRel|x86.Build.0 = Release|Any CPU
		{150D1E84-A740-44FA-A245-719C88297524}.Release|Any CPU.ActiveCfg = Release|Any CPU
		{150D1E84-A740-44FA-A245-719C88297524}.Release|Any CPU.Build.0 = Release|Any CPU
		{150D1E84-A740-44FA-A245-719C88297524}.Release|Mixed.ActiveCfg = Release|Any CPU
		{150D1E84-A740-44FA-A245-719C88297524}.Release|Mixed.Build.0 = Release|Any CPU
		{150D1E84-A740-44FA-A245-719C88297524}.Release|x64.ActiveCfg = Release|Any CPU
		{150D1E84-A740-44FA-A245-719C88297524}.Release|x64.Build.0 = Release|Any CPU
		{150D1E84-A740-44FA-A245-719C88297524}.Release|x86.ActiveCfg = Release|Any CPU
		{150D1E84-A740-44FA-A245-719C88297524}.Release|x86.Build.0 = Release|Any CPU
		{150D1E84-A740-44FA-A245-719C88297524}.RelWithDebInfo|Any CPU.ActiveCfg = Release|Any CPU
		{150D1E84-A740-44FA-A245-719C88297524}.RelWithDebInfo|Any CPU.Build.0 = Release|Any CPU
		{150D1E84-A740-44FA-A245-719C88297524}.RelWithDebInfo|Mixed.ActiveCfg = Release|Any CPU
		{150D1E84-A740-44FA-A245-719C88297524}.RelWithDebInfo|Mixed.Build.0 = Release|Any CPU
		{150D1E84-A740-44FA-A245-719C88297524}.RelWithDebInfo|x64.ActiveCfg = Release|Any CPU
		{150D1E84-A740-44FA-A245-719C88297524}.RelWithDebInfo|x64.Build.0 = Release|Any CPU
		{150D1E84-A740-44FA-A245-719C88297524}.RelWithDebInfo|x86.ActiveCfg = Release|Any CPU
		{150D1E84-A740-44FA-A245-719C88297524}.RelWithDebInfo|x86.Build.0 = Release|Any CPU
		{A91F8C77-7439-423E-AED7-9935D87838E9}.Debug|Any CPU.ActiveCfg = Debug|Any CPU
		{A91F8C77-7439-423E-AED7-9935D87838E9}.Debug|Any CPU.Build.0 = Debug|Any CPU
		{A91F8C77-7439-423E-AED7-9935D87838E9}.Debug|Mixed.ActiveCfg = Debug|Any CPU
		{A91F8C77-7439-423E-AED7-9935D87838E9}.Debug|Mixed.Build.0 = Debug|Any CPU
		{A91F8C77-7439-423E-AED7-9935D87838E9}.Debug|x64.ActiveCfg = Debug|Any CPU
		{A91F8C77-7439-423E-AED7-9935D87838E9}.Debug|x64.Build.0 = Debug|Any CPU
		{A91F8C77-7439-423E-AED7-9935D87838E9}.Debug|x86.ActiveCfg = Debug|Any CPU
		{A91F8C77-7439-423E-AED7-9935D87838E9}.Debug|x86.Build.0 = Debug|Any CPU
		{A91F8C77-7439-423E-AED7-9935D87838E9}.MinSizeRel|Any CPU.ActiveCfg = Release|Any CPU
		{A91F8C77-7439-423E-AED7-9935D87838E9}.MinSizeRel|Any CPU.Build.0 = Release|Any CPU
		{A91F8C77-7439-423E-AED7-9935D87838E9}.MinSizeRel|Mixed.ActiveCfg = Release|Any CPU
		{A91F8C77-7439-423E-AED7-9935D87838E9}.MinSizeRel|Mixed.Build.0 = Release|Any CPU
		{A91F8C77-7439-423E-AED7-9935D87838E9}.MinSizeRel|x64.ActiveCfg = Release|Any CPU
		{A91F8C77-7439-423E-AED7-9935D87838E9}.MinSizeRel|x64.Build.0 = Release|Any CPU
		{A91F8C77-7439-423E-AED7-9935D87838E9}.MinSizeRel|x86.ActiveCfg = Release|Any CPU
		{A91F8C77-7439-423E-AED7-9935D87838E9}.MinSizeRel|x86.Build.0 = Release|Any CPU
		{A91F8C77-7439-423E-AED7-9935D87838E9}.Release|Any CPU.ActiveCfg = Release|Any CPU
		{A91F8C77-7439-423E-AED7-9935D87838E9}.Release|Any CPU.Build.0 = Release|Any CPU
		{A91F8C77-7439-423E-AED7-9935D87838E9}.Release|Mixed.ActiveCfg = Release|Any CPU
		{A91F8C77-7439-423E-AED7-9935D87838E9}.Release|Mixed.Build.0 = Release|Any CPU
		{A91F8C77-7439-423E-AED7-9935D87838E9}.Release|x64.ActiveCfg = Release|Any CPU
		{A91F8C77-7439-423E-AED7-9935D87838E9}.Release|x64.Build.0 = Release|Any CPU
		{A91F8C77-7439-423E-AED7-9935D87838E9}.Release|x86.ActiveCfg = Release|Any CPU
		{A91F8C77-7439-423E-AED7-9935D87838E9}.Release|x86.Build.0 = Release|Any CPU
		{A91F8C77-7439-423E-AED7-9935D87838E9}.RelWithDebInfo|Any CPU.ActiveCfg = Release|Any CPU
		{A91F8C77-7439-423E-AED7-9935D87838E9}.RelWithDebInfo|Any CPU.Build.0 = Release|Any CPU
		{A91F8C77-7439-423E-AED7-9935D87838E9}.RelWithDebInfo|Mixed.ActiveCfg = Release|Any CPU
		{A91F8C77-7439-423E-AED7-9935D87838E9}.RelWithDebInfo|Mixed.Build.0 = Release|Any CPU
		{A91F8C77-7439-423E-AED7-9935D87838E9}.RelWithDebInfo|x64.ActiveCfg = Release|Any CPU
		{A91F8C77-7439-423E-AED7-9935D87838E9}.RelWithDebInfo|x64.Build.0 = Release|Any CPU
		{A91F8C77-7439-423E-AED7-9935D87838E9}.RelWithDebInfo|x86.ActiveCfg = Release|Any CPU
		{A91F8C77-7439-423E-AED7-9935D87838E9}.RelWithDebInfo|x86.Build.0 = Release|Any CPU
		{9A9DFE83-1C05-48CF-A938-D16A74F0EB1C}.Debug|Any CPU.ActiveCfg = Debug|Any CPU
		{9A9DFE83-1C05-48CF-A938-D16A74F0EB1C}.Debug|Any CPU.Build.0 = Debug|Any CPU
		{9A9DFE83-1C05-48CF-A938-D16A74F0EB1C}.Debug|Mixed.ActiveCfg = Debug|Any CPU
		{9A9DFE83-1C05-48CF-A938-D16A74F0EB1C}.Debug|Mixed.Build.0 = Debug|Any CPU
		{9A9DFE83-1C05-48CF-A938-D16A74F0EB1C}.Debug|x64.ActiveCfg = Debug|Any CPU
		{9A9DFE83-1C05-48CF-A938-D16A74F0EB1C}.Debug|x64.Build.0 = Debug|Any CPU
		{9A9DFE83-1C05-48CF-A938-D16A74F0EB1C}.Debug|x86.ActiveCfg = Debug|Any CPU
		{9A9DFE83-1C05-48CF-A938-D16A74F0EB1C}.Debug|x86.Build.0 = Debug|Any CPU
		{9A9DFE83-1C05-48CF-A938-D16A74F0EB1C}.MinSizeRel|Any CPU.ActiveCfg = Release|Any CPU
		{9A9DFE83-1C05-48CF-A938-D16A74F0EB1C}.MinSizeRel|Any CPU.Build.0 = Release|Any CPU
		{9A9DFE83-1C05-48CF-A938-D16A74F0EB1C}.MinSizeRel|Mixed.ActiveCfg = Release|Any CPU
		{9A9DFE83-1C05-48CF-A938-D16A74F0EB1C}.MinSizeRel|Mixed.Build.0 = Release|Any CPU
		{9A9DFE83-1C05-48CF-A938-D16A74F0EB1C}.MinSizeRel|x64.ActiveCfg = Release|Any CPU
		{9A9DFE83-1C05-48CF-A938-D16A74F0EB1C}.MinSizeRel|x64.Build.0 = Release|Any CPU
		{9A9DFE83-1C05-48CF-A938-D16A74F0EB1C}.MinSizeRel|x86.ActiveCfg = Release|Any CPU
		{9A9DFE83-1C05-48CF-A938-D16A74F0EB1C}.MinSizeRel|x86.Build.0 = Release|Any CPU
		{9A9DFE83-1C05-48CF-A938-D16A74F0EB1C}.Release|Any CPU.ActiveCfg = Release|Any CPU
		{9A9DFE83-1C05-48CF-A938-D16A74F0EB1C}.Release|Any CPU.Build.0 = Release|Any CPU
		{9A9DFE83-1C05-48CF-A938-D16A74F0EB1C}.Release|Mixed.ActiveCfg = Release|Any CPU
		{9A9DFE83-1C05-48CF-A938-D16A74F0EB1C}.Release|Mixed.Build.0 = Release|Any CPU
		{9A9DFE83-1C05-48CF-A938-D16A74F0EB1C}.Release|x64.ActiveCfg = Release|Any CPU
		{9A9DFE83-1C05-48CF-A938-D16A74F0EB1C}.Release|x64.Build.0 = Release|Any CPU
		{9A9DFE83-1C05-48CF-A938-D16A74F0EB1C}.Release|x86.ActiveCfg = Release|Any CPU
		{9A9DFE83-1C05-48CF-A938-D16A74F0EB1C}.Release|x86.Build.0 = Release|Any CPU
		{9A9DFE83-1C05-48CF-A938-D16A74F0EB1C}.RelWithDebInfo|Any CPU.ActiveCfg = Release|Any CPU
		{9A9DFE83-1C05-48CF-A938-D16A74F0EB1C}.RelWithDebInfo|Any CPU.Build.0 = Release|Any CPU
		{9A9DFE83-1C05-48CF-A938-D16A74F0EB1C}.RelWithDebInfo|Mixed.ActiveCfg = Release|Any CPU
		{9A9DFE83-1C05-48CF-A938-D16A74F0EB1C}.RelWithDebInfo|Mixed.Build.0 = Release|Any CPU
		{9A9DFE83-1C05-48CF-A938-D16A74F0EB1C}.RelWithDebInfo|x64.ActiveCfg = Release|Any CPU
		{9A9DFE83-1C05-48CF-A938-D16A74F0EB1C}.RelWithDebInfo|x64.Build.0 = Release|Any CPU
		{9A9DFE83-1C05-48CF-A938-D16A74F0EB1C}.RelWithDebInfo|x86.ActiveCfg = Release|Any CPU
		{9A9DFE83-1C05-48CF-A938-D16A74F0EB1C}.RelWithDebInfo|x86.Build.0 = Release|Any CPU
		{022107D8-0318-43FA-A183-7E3279131308}.Debug|Any CPU.ActiveCfg = Debug|Any CPU
		{022107D8-0318-43FA-A183-7E3279131308}.Debug|Any CPU.Build.0 = Debug|Any CPU
		{022107D8-0318-43FA-A183-7E3279131308}.Debug|Mixed.ActiveCfg = Debug|Any CPU
		{022107D8-0318-43FA-A183-7E3279131308}.Debug|Mixed.Build.0 = Debug|Any CPU
		{022107D8-0318-43FA-A183-7E3279131308}.Debug|x64.ActiveCfg = Debug|Any CPU
		{022107D8-0318-43FA-A183-7E3279131308}.Debug|x64.Build.0 = Debug|Any CPU
		{022107D8-0318-43FA-A183-7E3279131308}.Debug|x86.ActiveCfg = Debug|Any CPU
		{022107D8-0318-43FA-A183-7E3279131308}.Debug|x86.Build.0 = Debug|Any CPU
		{022107D8-0318-43FA-A183-7E3279131308}.MinSizeRel|Any CPU.ActiveCfg = Release|Any CPU
		{022107D8-0318-43FA-A183-7E3279131308}.MinSizeRel|Any CPU.Build.0 = Release|Any CPU
		{022107D8-0318-43FA-A183-7E3279131308}.MinSizeRel|Mixed.ActiveCfg = Release|Any CPU
		{022107D8-0318-43FA-A183-7E3279131308}.MinSizeRel|Mixed.Build.0 = Release|Any CPU
		{022107D8-0318-43FA-A183-7E3279131308}.MinSizeRel|x64.ActiveCfg = Release|Any CPU
		{022107D8-0318-43FA-A183-7E3279131308}.MinSizeRel|x64.Build.0 = Release|Any CPU
		{022107D8-0318-43FA-A183-7E3279131308}.MinSizeRel|x86.ActiveCfg = Release|Any CPU
		{022107D8-0318-43FA-A183-7E3279131308}.MinSizeRel|x86.Build.0 = Release|Any CPU
		{022107D8-0318-43FA-A183-7E3279131308}.Release|Any CPU.ActiveCfg = Release|Any CPU
		{022107D8-0318-43FA-A183-7E3279131308}.Release|Any CPU.Build.0 = Release|Any CPU
		{022107D8-0318-43FA-A183-7E3279131308}.Release|Mixed.ActiveCfg = Release|Any CPU
		{022107D8-0318-43FA-A183-7E3279131308}.Release|Mixed.Build.0 = Release|Any CPU
		{022107D8-0318-43FA-A183-7E3279131308}.Release|x64.ActiveCfg = Release|Any CPU
		{022107D8-0318-43FA-A183-7E3279131308}.Release|x64.Build.0 = Release|Any CPU
		{022107D8-0318-43FA-A183-7E3279131308}.Release|x86.ActiveCfg = Release|Any CPU
		{022107D8-0318-43FA-A183-7E3279131308}.Release|x86.Build.0 = Release|Any CPU
		{022107D8-0318-43FA-A183-7E3279131308}.RelWithDebInfo|Any CPU.ActiveCfg = Release|Any CPU
		{022107D8-0318-43FA-A183-7E3279131308}.RelWithDebInfo|Any CPU.Build.0 = Release|Any CPU
		{022107D8-0318-43FA-A183-7E3279131308}.RelWithDebInfo|Mixed.ActiveCfg = Release|Any CPU
		{022107D8-0318-43FA-A183-7E3279131308}.RelWithDebInfo|Mixed.Build.0 = Release|Any CPU
		{022107D8-0318-43FA-A183-7E3279131308}.RelWithDebInfo|x64.ActiveCfg = Release|Any CPU
		{022107D8-0318-43FA-A183-7E3279131308}.RelWithDebInfo|x64.Build.0 = Release|Any CPU
		{022107D8-0318-43FA-A183-7E3279131308}.RelWithDebInfo|x86.ActiveCfg = Release|Any CPU
		{022107D8-0318-43FA-A183-7E3279131308}.RelWithDebInfo|x86.Build.0 = Release|Any CPU
		{7639EAA9-E75C-4117-A199-3CB3D6522A1D}.Debug|Any CPU.ActiveCfg = Debug|Any CPU
		{7639EAA9-E75C-4117-A199-3CB3D6522A1D}.Debug|Any CPU.Build.0 = Debug|Any CPU
		{7639EAA9-E75C-4117-A199-3CB3D6522A1D}.Debug|Mixed.ActiveCfg = Debug|Any CPU
		{7639EAA9-E75C-4117-A199-3CB3D6522A1D}.Debug|Mixed.Build.0 = Debug|Any CPU
		{7639EAA9-E75C-4117-A199-3CB3D6522A1D}.Debug|x64.ActiveCfg = Debug|Any CPU
		{7639EAA9-E75C-4117-A199-3CB3D6522A1D}.Debug|x64.Build.0 = Debug|Any CPU
		{7639EAA9-E75C-4117-A199-3CB3D6522A1D}.Debug|x86.ActiveCfg = Debug|Any CPU
		{7639EAA9-E75C-4117-A199-3CB3D6522A1D}.Debug|x86.Build.0 = Debug|Any CPU
		{7639EAA9-E75C-4117-A199-3CB3D6522A1D}.MinSizeRel|Any CPU.ActiveCfg = Debug|Any CPU
		{7639EAA9-E75C-4117-A199-3CB3D6522A1D}.MinSizeRel|Any CPU.Build.0 = Debug|Any CPU
		{7639EAA9-E75C-4117-A199-3CB3D6522A1D}.MinSizeRel|Mixed.ActiveCfg = Debug|Any CPU
		{7639EAA9-E75C-4117-A199-3CB3D6522A1D}.MinSizeRel|Mixed.Build.0 = Debug|Any CPU
		{7639EAA9-E75C-4117-A199-3CB3D6522A1D}.MinSizeRel|x64.ActiveCfg = Debug|Any CPU
		{7639EAA9-E75C-4117-A199-3CB3D6522A1D}.MinSizeRel|x64.Build.0 = Debug|Any CPU
		{7639EAA9-E75C-4117-A199-3CB3D6522A1D}.MinSizeRel|x86.ActiveCfg = Debug|Any CPU
		{7639EAA9-E75C-4117-A199-3CB3D6522A1D}.MinSizeRel|x86.Build.0 = Debug|Any CPU
		{7639EAA9-E75C-4117-A199-3CB3D6522A1D}.Release|Any CPU.ActiveCfg = Release|Any CPU
		{7639EAA9-E75C-4117-A199-3CB3D6522A1D}.Release|Any CPU.Build.0 = Release|Any CPU
		{7639EAA9-E75C-4117-A199-3CB3D6522A1D}.Release|Mixed.ActiveCfg = Release|Any CPU
		{7639EAA9-E75C-4117-A199-3CB3D6522A1D}.Release|Mixed.Build.0 = Release|Any CPU
		{7639EAA9-E75C-4117-A199-3CB3D6522A1D}.Release|x64.ActiveCfg = Release|Any CPU
		{7639EAA9-E75C-4117-A199-3CB3D6522A1D}.Release|x64.Build.0 = Release|Any CPU
		{7639EAA9-E75C-4117-A199-3CB3D6522A1D}.Release|x86.ActiveCfg = Release|Any CPU
		{7639EAA9-E75C-4117-A199-3CB3D6522A1D}.Release|x86.Build.0 = Release|Any CPU
		{7639EAA9-E75C-4117-A199-3CB3D6522A1D}.RelWithDebInfo|Any CPU.ActiveCfg = Release|Any CPU
		{7639EAA9-E75C-4117-A199-3CB3D6522A1D}.RelWithDebInfo|Any CPU.Build.0 = Release|Any CPU
		{7639EAA9-E75C-4117-A199-3CB3D6522A1D}.RelWithDebInfo|Mixed.ActiveCfg = Release|Any CPU
		{7639EAA9-E75C-4117-A199-3CB3D6522A1D}.RelWithDebInfo|Mixed.Build.0 = Release|Any CPU
		{7639EAA9-E75C-4117-A199-3CB3D6522A1D}.RelWithDebInfo|x64.ActiveCfg = Release|Any CPU
		{7639EAA9-E75C-4117-A199-3CB3D6522A1D}.RelWithDebInfo|x64.Build.0 = Release|Any CPU
		{7639EAA9-E75C-4117-A199-3CB3D6522A1D}.RelWithDebInfo|x86.ActiveCfg = Release|Any CPU
		{7639EAA9-E75C-4117-A199-3CB3D6522A1D}.RelWithDebInfo|x86.Build.0 = Release|Any CPU
		{52FBCBDC-C347-4A0A-BE58-29E749A755A3}.Debug|Any CPU.ActiveCfg = Debug|Any CPU
		{52FBCBDC-C347-4A0A-BE58-29E749A755A3}.Debug|Any CPU.Build.0 = Debug|Any CPU
		{52FBCBDC-C347-4A0A-BE58-29E749A755A3}.Debug|Mixed.ActiveCfg = Debug|Any CPU
		{52FBCBDC-C347-4A0A-BE58-29E749A755A3}.Debug|Mixed.Build.0 = Debug|Any CPU
		{52FBCBDC-C347-4A0A-BE58-29E749A755A3}.Debug|x64.ActiveCfg = Debug|Any CPU
		{52FBCBDC-C347-4A0A-BE58-29E749A755A3}.Debug|x64.Build.0 = Debug|Any CPU
		{52FBCBDC-C347-4A0A-BE58-29E749A755A3}.Debug|x86.ActiveCfg = Debug|Any CPU
		{52FBCBDC-C347-4A0A-BE58-29E749A755A3}.Debug|x86.Build.0 = Debug|Any CPU
		{52FBCBDC-C347-4A0A-BE58-29E749A755A3}.MinSizeRel|Any CPU.ActiveCfg = Debug|Any CPU
		{52FBCBDC-C347-4A0A-BE58-29E749A755A3}.MinSizeRel|Any CPU.Build.0 = Debug|Any CPU
		{52FBCBDC-C347-4A0A-BE58-29E749A755A3}.MinSizeRel|Mixed.ActiveCfg = Debug|Any CPU
		{52FBCBDC-C347-4A0A-BE58-29E749A755A3}.MinSizeRel|Mixed.Build.0 = Debug|Any CPU
		{52FBCBDC-C347-4A0A-BE58-29E749A755A3}.MinSizeRel|x64.ActiveCfg = Debug|Any CPU
		{52FBCBDC-C347-4A0A-BE58-29E749A755A3}.MinSizeRel|x64.Build.0 = Debug|Any CPU
		{52FBCBDC-C347-4A0A-BE58-29E749A755A3}.MinSizeRel|x86.ActiveCfg = Debug|Any CPU
		{52FBCBDC-C347-4A0A-BE58-29E749A755A3}.MinSizeRel|x86.Build.0 = Debug|Any CPU
		{52FBCBDC-C347-4A0A-BE58-29E749A755A3}.Release|Any CPU.ActiveCfg = Release|Any CPU
		{52FBCBDC-C347-4A0A-BE58-29E749A755A3}.Release|Any CPU.Build.0 = Release|Any CPU
		{52FBCBDC-C347-4A0A-BE58-29E749A755A3}.Release|Mixed.ActiveCfg = Release|Any CPU
		{52FBCBDC-C347-4A0A-BE58-29E749A755A3}.Release|Mixed.Build.0 = Release|Any CPU
		{52FBCBDC-C347-4A0A-BE58-29E749A755A3}.Release|x64.ActiveCfg = Release|Any CPU
		{52FBCBDC-C347-4A0A-BE58-29E749A755A3}.Release|x64.Build.0 = Release|Any CPU
		{52FBCBDC-C347-4A0A-BE58-29E749A755A3}.Release|x86.ActiveCfg = Release|Any CPU
		{52FBCBDC-C347-4A0A-BE58-29E749A755A3}.Release|x86.Build.0 = Release|Any CPU
		{52FBCBDC-C347-4A0A-BE58-29E749A755A3}.RelWithDebInfo|Any CPU.ActiveCfg = Release|Any CPU
		{52FBCBDC-C347-4A0A-BE58-29E749A755A3}.RelWithDebInfo|Any CPU.Build.0 = Release|Any CPU
		{52FBCBDC-C347-4A0A-BE58-29E749A755A3}.RelWithDebInfo|Mixed.ActiveCfg = Release|Any CPU
		{52FBCBDC-C347-4A0A-BE58-29E749A755A3}.RelWithDebInfo|Mixed.Build.0 = Release|Any CPU
		{52FBCBDC-C347-4A0A-BE58-29E749A755A3}.RelWithDebInfo|x64.ActiveCfg = Release|Any CPU
		{52FBCBDC-C347-4A0A-BE58-29E749A755A3}.RelWithDebInfo|x64.Build.0 = Release|Any CPU
		{52FBCBDC-C347-4A0A-BE58-29E749A755A3}.RelWithDebInfo|x86.ActiveCfg = Release|Any CPU
		{52FBCBDC-C347-4A0A-BE58-29E749A755A3}.RelWithDebInfo|x86.Build.0 = Release|Any CPU
		{C4264F96-4602-3306-89C1-19D858075034}.Debug|Any CPU.ActiveCfg = Debug|x64
		{C4264F96-4602-3306-89C1-19D858075034}.Debug|Any CPU.Build.0 = Debug|x64
		{C4264F96-4602-3306-89C1-19D858075034}.Debug|Mixed.ActiveCfg = Debug|x64
		{C4264F96-4602-3306-89C1-19D858075034}.Debug|Mixed.Build.0 = Debug|x64
		{C4264F96-4602-3306-89C1-19D858075034}.Debug|x64.ActiveCfg = Debug|x64
		{C4264F96-4602-3306-89C1-19D858075034}.Debug|x64.Build.0 = Debug|x64
		{C4264F96-4602-3306-89C1-19D858075034}.Debug|x86.ActiveCfg = Debug|x64
		{C4264F96-4602-3306-89C1-19D858075034}.Debug|x86.Build.0 = Debug|x64
		{C4264F96-4602-3306-89C1-19D858075034}.MinSizeRel|Any CPU.ActiveCfg = MinSizeRel|x64
		{C4264F96-4602-3306-89C1-19D858075034}.MinSizeRel|Any CPU.Build.0 = MinSizeRel|x64
		{C4264F96-4602-3306-89C1-19D858075034}.MinSizeRel|Mixed.ActiveCfg = MinSizeRel|x64
		{C4264F96-4602-3306-89C1-19D858075034}.MinSizeRel|Mixed.Build.0 = MinSizeRel|x64
		{C4264F96-4602-3306-89C1-19D858075034}.MinSizeRel|x64.ActiveCfg = MinSizeRel|x64
		{C4264F96-4602-3306-89C1-19D858075034}.MinSizeRel|x64.Build.0 = MinSizeRel|x64
		{C4264F96-4602-3306-89C1-19D858075034}.MinSizeRel|x86.ActiveCfg = MinSizeRel|x64
		{C4264F96-4602-3306-89C1-19D858075034}.MinSizeRel|x86.Build.0 = MinSizeRel|x64
		{C4264F96-4602-3306-89C1-19D858075034}.Release|Any CPU.ActiveCfg = Release|x64
		{C4264F96-4602-3306-89C1-19D858075034}.Release|Any CPU.Build.0 = Release|x64
		{C4264F96-4602-3306-89C1-19D858075034}.Release|Mixed.ActiveCfg = RelWithDebInfo|x64
		{C4264F96-4602-3306-89C1-19D858075034}.Release|Mixed.Build.0 = RelWithDebInfo|x64
		{C4264F96-4602-3306-89C1-19D858075034}.Release|x64.ActiveCfg = Release|x64
		{C4264F96-4602-3306-89C1-19D858075034}.Release|x64.Build.0 = Release|x64
		{C4264F96-4602-3306-89C1-19D858075034}.Release|x86.ActiveCfg = Release|x64
		{C4264F96-4602-3306-89C1-19D858075034}.Release|x86.Build.0 = Release|x64
		{C4264F96-4602-3306-89C1-19D858075034}.RelWithDebInfo|Any CPU.ActiveCfg = RelWithDebInfo|x64
		{C4264F96-4602-3306-89C1-19D858075034}.RelWithDebInfo|Any CPU.Build.0 = RelWithDebInfo|x64
		{C4264F96-4602-3306-89C1-19D858075034}.RelWithDebInfo|Mixed.ActiveCfg = RelWithDebInfo|x64
		{C4264F96-4602-3306-89C1-19D858075034}.RelWithDebInfo|Mixed.Build.0 = RelWithDebInfo|x64
		{C4264F96-4602-3306-89C1-19D858075034}.RelWithDebInfo|x64.ActiveCfg = RelWithDebInfo|x64
		{C4264F96-4602-3306-89C1-19D858075034}.RelWithDebInfo|x64.Build.0 = RelWithDebInfo|x64
		{C4264F96-4602-3306-89C1-19D858075034}.RelWithDebInfo|x86.ActiveCfg = RelWithDebInfo|x64
		{C4264F96-4602-3306-89C1-19D858075034}.RelWithDebInfo|x86.Build.0 = RelWithDebInfo|x64
		{9B25E3D2-91A8-4784-A3A3-39C1BE36A52A}.Debug|Any CPU.ActiveCfg = Debug|Any CPU
		{9B25E3D2-91A8-4784-A3A3-39C1BE36A52A}.Debug|Any CPU.Build.0 = Debug|Any CPU
		{9B25E3D2-91A8-4784-A3A3-39C1BE36A52A}.Debug|Mixed.ActiveCfg = Debug|Any CPU
		{9B25E3D2-91A8-4784-A3A3-39C1BE36A52A}.Debug|Mixed.Build.0 = Debug|Any CPU
		{9B25E3D2-91A8-4784-A3A3-39C1BE36A52A}.Debug|x64.ActiveCfg = Debug|Any CPU
		{9B25E3D2-91A8-4784-A3A3-39C1BE36A52A}.Debug|x64.Build.0 = Debug|Any CPU
		{9B25E3D2-91A8-4784-A3A3-39C1BE36A52A}.Debug|x86.ActiveCfg = Debug|Any CPU
		{9B25E3D2-91A8-4784-A3A3-39C1BE36A52A}.Debug|x86.Build.0 = Debug|Any CPU
		{9B25E3D2-91A8-4784-A3A3-39C1BE36A52A}.MinSizeRel|Any CPU.ActiveCfg = Debug|Any CPU
		{9B25E3D2-91A8-4784-A3A3-39C1BE36A52A}.MinSizeRel|Any CPU.Build.0 = Debug|Any CPU
		{9B25E3D2-91A8-4784-A3A3-39C1BE36A52A}.MinSizeRel|Mixed.ActiveCfg = Debug|Any CPU
		{9B25E3D2-91A8-4784-A3A3-39C1BE36A52A}.MinSizeRel|Mixed.Build.0 = Debug|Any CPU
		{9B25E3D2-91A8-4784-A3A3-39C1BE36A52A}.MinSizeRel|x64.ActiveCfg = Debug|Any CPU
		{9B25E3D2-91A8-4784-A3A3-39C1BE36A52A}.MinSizeRel|x64.Build.0 = Debug|Any CPU
		{9B25E3D2-91A8-4784-A3A3-39C1BE36A52A}.MinSizeRel|x86.ActiveCfg = Debug|Any CPU
		{9B25E3D2-91A8-4784-A3A3-39C1BE36A52A}.MinSizeRel|x86.Build.0 = Debug|Any CPU
		{9B25E3D2-91A8-4784-A3A3-39C1BE36A52A}.Release|Any CPU.ActiveCfg = Release|Any CPU
		{9B25E3D2-91A8-4784-A3A3-39C1BE36A52A}.Release|Any CPU.Build.0 = Release|Any CPU
		{9B25E3D2-91A8-4784-A3A3-39C1BE36A52A}.Release|Mixed.ActiveCfg = Release|Any CPU
		{9B25E3D2-91A8-4784-A3A3-39C1BE36A52A}.Release|Mixed.Build.0 = Release|Any CPU
		{9B25E3D2-91A8-4784-A3A3-39C1BE36A52A}.Release|x64.ActiveCfg = Release|Any CPU
		{9B25E3D2-91A8-4784-A3A3-39C1BE36A52A}.Release|x64.Build.0 = Release|Any CPU
		{9B25E3D2-91A8-4784-A3A3-39C1BE36A52A}.Release|x86.ActiveCfg = Release|Any CPU
		{9B25E3D2-91A8-4784-A3A3-39C1BE36A52A}.Release|x86.Build.0 = Release|Any CPU
		{9B25E3D2-91A8-4784-A3A3-39C1BE36A52A}.RelWithDebInfo|Any CPU.ActiveCfg = Release|Any CPU
		{9B25E3D2-91A8-4784-A3A3-39C1BE36A52A}.RelWithDebInfo|Any CPU.Build.0 = Release|Any CPU
		{9B25E3D2-91A8-4784-A3A3-39C1BE36A52A}.RelWithDebInfo|Mixed.ActiveCfg = Release|Any CPU
		{9B25E3D2-91A8-4784-A3A3-39C1BE36A52A}.RelWithDebInfo|Mixed.Build.0 = Release|Any CPU
		{9B25E3D2-91A8-4784-A3A3-39C1BE36A52A}.RelWithDebInfo|x64.ActiveCfg = Release|Any CPU
		{9B25E3D2-91A8-4784-A3A3-39C1BE36A52A}.RelWithDebInfo|x64.Build.0 = Release|Any CPU
		{9B25E3D2-91A8-4784-A3A3-39C1BE36A52A}.RelWithDebInfo|x86.ActiveCfg = Release|Any CPU
		{9B25E3D2-91A8-4784-A3A3-39C1BE36A52A}.RelWithDebInfo|x86.Build.0 = Release|Any CPU
		{F90E9B44-D0D0-3E3C-80A3-374B90694B44}.Debug|Any CPU.ActiveCfg = Debug|x64
		{F90E9B44-D0D0-3E3C-80A3-374B90694B44}.Debug|Any CPU.Build.0 = Debug|x64
		{F90E9B44-D0D0-3E3C-80A3-374B90694B44}.Debug|Mixed.ActiveCfg = Debug|x64
		{F90E9B44-D0D0-3E3C-80A3-374B90694B44}.Debug|Mixed.Build.0 = Debug|x64
		{F90E9B44-D0D0-3E3C-80A3-374B90694B44}.Debug|x64.ActiveCfg = Debug|x64
		{F90E9B44-D0D0-3E3C-80A3-374B90694B44}.Debug|x64.Build.0 = Debug|x64
		{F90E9B44-D0D0-3E3C-80A3-374B90694B44}.Debug|x86.ActiveCfg = Debug|x64
		{F90E9B44-D0D0-3E3C-80A3-374B90694B44}.Debug|x86.Build.0 = Debug|x64
		{F90E9B44-D0D0-3E3C-80A3-374B90694B44}.MinSizeRel|Any CPU.ActiveCfg = MinSizeRel|x64
		{F90E9B44-D0D0-3E3C-80A3-374B90694B44}.MinSizeRel|Any CPU.Build.0 = MinSizeRel|x64
		{F90E9B44-D0D0-3E3C-80A3-374B90694B44}.MinSizeRel|Mixed.ActiveCfg = MinSizeRel|x64
		{F90E9B44-D0D0-3E3C-80A3-374B90694B44}.MinSizeRel|Mixed.Build.0 = MinSizeRel|x64
		{F90E9B44-D0D0-3E3C-80A3-374B90694B44}.MinSizeRel|x64.ActiveCfg = MinSizeRel|x64
		{F90E9B44-D0D0-3E3C-80A3-374B90694B44}.MinSizeRel|x64.Build.0 = MinSizeRel|x64
		{F90E9B44-D0D0-3E3C-80A3-374B90694B44}.MinSizeRel|x86.ActiveCfg = MinSizeRel|x64
		{F90E9B44-D0D0-3E3C-80A3-374B90694B44}.MinSizeRel|x86.Build.0 = MinSizeRel|x64
		{F90E9B44-D0D0-3E3C-80A3-374B90694B44}.Release|Any CPU.ActiveCfg = Release|x64
		{F90E9B44-D0D0-3E3C-80A3-374B90694B44}.Release|Any CPU.Build.0 = Release|x64
		{F90E9B44-D0D0-3E3C-80A3-374B90694B44}.Release|Mixed.ActiveCfg = RelWithDebInfo|x64
		{F90E9B44-D0D0-3E3C-80A3-374B90694B44}.Release|Mixed.Build.0 = RelWithDebInfo|x64
		{F90E9B44-D0D0-3E3C-80A3-374B90694B44}.Release|x64.ActiveCfg = Release|x64
		{F90E9B44-D0D0-3E3C-80A3-374B90694B44}.Release|x64.Build.0 = Release|x64
		{F90E9B44-D0D0-3E3C-80A3-374B90694B44}.Release|x86.ActiveCfg = Release|x64
		{F90E9B44-D0D0-3E3C-80A3-374B90694B44}.Release|x86.Build.0 = Release|x64
		{F90E9B44-D0D0-3E3C-80A3-374B90694B44}.RelWithDebInfo|Any CPU.ActiveCfg = RelWithDebInfo|x64
		{F90E9B44-D0D0-3E3C-80A3-374B90694B44}.RelWithDebInfo|Any CPU.Build.0 = RelWithDebInfo|x64
		{F90E9B44-D0D0-3E3C-80A3-374B90694B44}.RelWithDebInfo|Mixed.ActiveCfg = RelWithDebInfo|x64
		{F90E9B44-D0D0-3E3C-80A3-374B90694B44}.RelWithDebInfo|Mixed.Build.0 = RelWithDebInfo|x64
		{F90E9B44-D0D0-3E3C-80A3-374B90694B44}.RelWithDebInfo|x64.ActiveCfg = RelWithDebInfo|x64
		{F90E9B44-D0D0-3E3C-80A3-374B90694B44}.RelWithDebInfo|x64.Build.0 = RelWithDebInfo|x64
		{F90E9B44-D0D0-3E3C-80A3-374B90694B44}.RelWithDebInfo|x86.ActiveCfg = RelWithDebInfo|x64
		{F90E9B44-D0D0-3E3C-80A3-374B90694B44}.RelWithDebInfo|x86.Build.0 = RelWithDebInfo|x64
		{F95414A5-6D85-3E17-90CD-61C678C65C4B}.Debug|Any CPU.ActiveCfg = Debug|x64
		{F95414A5-6D85-3E17-90CD-61C678C65C4B}.Debug|Any CPU.Build.0 = Debug|x64
		{F95414A5-6D85-3E17-90CD-61C678C65C4B}.Debug|Mixed.ActiveCfg = Debug|x64
		{F95414A5-6D85-3E17-90CD-61C678C65C4B}.Debug|Mixed.Build.0 = Debug|x64
		{F95414A5-6D85-3E17-90CD-61C678C65C4B}.Debug|x64.ActiveCfg = Debug|x64
		{F95414A5-6D85-3E17-90CD-61C678C65C4B}.Debug|x64.Build.0 = Debug|x64
		{F95414A5-6D85-3E17-90CD-61C678C65C4B}.Debug|x86.ActiveCfg = Debug|x64
		{F95414A5-6D85-3E17-90CD-61C678C65C4B}.Debug|x86.Build.0 = Debug|x64
		{F95414A5-6D85-3E17-90CD-61C678C65C4B}.MinSizeRel|Any CPU.ActiveCfg = MinSizeRel|x64
		{F95414A5-6D85-3E17-90CD-61C678C65C4B}.MinSizeRel|Any CPU.Build.0 = MinSizeRel|x64
		{F95414A5-6D85-3E17-90CD-61C678C65C4B}.MinSizeRel|Mixed.ActiveCfg = MinSizeRel|x64
		{F95414A5-6D85-3E17-90CD-61C678C65C4B}.MinSizeRel|Mixed.Build.0 = MinSizeRel|x64
		{F95414A5-6D85-3E17-90CD-61C678C65C4B}.MinSizeRel|x64.ActiveCfg = MinSizeRel|x64
		{F95414A5-6D85-3E17-90CD-61C678C65C4B}.MinSizeRel|x64.Build.0 = MinSizeRel|x64
		{F95414A5-6D85-3E17-90CD-61C678C65C4B}.MinSizeRel|x86.ActiveCfg = MinSizeRel|x64
		{F95414A5-6D85-3E17-90CD-61C678C65C4B}.MinSizeRel|x86.Build.0 = MinSizeRel|x64
		{F95414A5-6D85-3E17-90CD-61C678C65C4B}.Release|Any CPU.ActiveCfg = Release|x64
		{F95414A5-6D85-3E17-90CD-61C678C65C4B}.Release|Any CPU.Build.0 = Release|x64
		{F95414A5-6D85-3E17-90CD-61C678C65C4B}.Release|Mixed.ActiveCfg = RelWithDebInfo|x64
		{F95414A5-6D85-3E17-90CD-61C678C65C4B}.Release|Mixed.Build.0 = RelWithDebInfo|x64
		{F95414A5-6D85-3E17-90CD-61C678C65C4B}.Release|x64.ActiveCfg = Release|x64
		{F95414A5-6D85-3E17-90CD-61C678C65C4B}.Release|x64.Build.0 = Release|x64
		{F95414A5-6D85-3E17-90CD-61C678C65C4B}.Release|x86.ActiveCfg = Release|x64
		{F95414A5-6D85-3E17-90CD-61C678C65C4B}.Release|x86.Build.0 = Release|x64
		{F95414A5-6D85-3E17-90CD-61C678C65C4B}.RelWithDebInfo|Any CPU.ActiveCfg = RelWithDebInfo|x64
		{F95414A5-6D85-3E17-90CD-61C678C65C4B}.RelWithDebInfo|Any CPU.Build.0 = RelWithDebInfo|x64
		{F95414A5-6D85-3E17-90CD-61C678C65C4B}.RelWithDebInfo|Mixed.ActiveCfg = RelWithDebInfo|x64
		{F95414A5-6D85-3E17-90CD-61C678C65C4B}.RelWithDebInfo|Mixed.Build.0 = RelWithDebInfo|x64
		{F95414A5-6D85-3E17-90CD-61C678C65C4B}.RelWithDebInfo|x64.ActiveCfg = RelWithDebInfo|x64
		{F95414A5-6D85-3E17-90CD-61C678C65C4B}.RelWithDebInfo|x64.Build.0 = RelWithDebInfo|x64
		{F95414A5-6D85-3E17-90CD-61C678C65C4B}.RelWithDebInfo|x86.ActiveCfg = RelWithDebInfo|x64
		{F95414A5-6D85-3E17-90CD-61C678C65C4B}.RelWithDebInfo|x86.Build.0 = RelWithDebInfo|x64
		{4E62EB4F-326C-3B8F-AE48-71A011A772DB}.Debug|Any CPU.ActiveCfg = Debug|x64
		{4E62EB4F-326C-3B8F-AE48-71A011A772DB}.Debug|Any CPU.Build.0 = Debug|x64
		{4E62EB4F-326C-3B8F-AE48-71A011A772DB}.Debug|Mixed.ActiveCfg = Debug|x64
		{4E62EB4F-326C-3B8F-AE48-71A011A772DB}.Debug|Mixed.Build.0 = Debug|x64
		{4E62EB4F-326C-3B8F-AE48-71A011A772DB}.Debug|x64.ActiveCfg = Debug|x64
		{4E62EB4F-326C-3B8F-AE48-71A011A772DB}.Debug|x64.Build.0 = Debug|x64
		{4E62EB4F-326C-3B8F-AE48-71A011A772DB}.Debug|x86.ActiveCfg = Debug|x64
		{4E62EB4F-326C-3B8F-AE48-71A011A772DB}.Debug|x86.Build.0 = Debug|x64
		{4E62EB4F-326C-3B8F-AE48-71A011A772DB}.MinSizeRel|Any CPU.ActiveCfg = MinSizeRel|x64
		{4E62EB4F-326C-3B8F-AE48-71A011A772DB}.MinSizeRel|Any CPU.Build.0 = MinSizeRel|x64
		{4E62EB4F-326C-3B8F-AE48-71A011A772DB}.MinSizeRel|Mixed.ActiveCfg = MinSizeRel|x64
		{4E62EB4F-326C-3B8F-AE48-71A011A772DB}.MinSizeRel|Mixed.Build.0 = MinSizeRel|x64
		{4E62EB4F-326C-3B8F-AE48-71A011A772DB}.MinSizeRel|x64.ActiveCfg = MinSizeRel|x64
		{4E62EB4F-326C-3B8F-AE48-71A011A772DB}.MinSizeRel|x64.Build.0 = MinSizeRel|x64
		{4E62EB4F-326C-3B8F-AE48-71A011A772DB}.MinSizeRel|x86.ActiveCfg = MinSizeRel|x64
		{4E62EB4F-326C-3B8F-AE48-71A011A772DB}.MinSizeRel|x86.Build.0 = MinSizeRel|x64
		{4E62EB4F-326C-3B8F-AE48-71A011A772DB}.Release|Any CPU.ActiveCfg = Release|x64
		{4E62EB4F-326C-3B8F-AE48-71A011A772DB}.Release|Any CPU.Build.0 = Release|x64
		{4E62EB4F-326C-3B8F-AE48-71A011A772DB}.Release|Mixed.ActiveCfg = RelWithDebInfo|x64
		{4E62EB4F-326C-3B8F-AE48-71A011A772DB}.Release|Mixed.Build.0 = RelWithDebInfo|x64
		{4E62EB4F-326C-3B8F-AE48-71A011A772DB}.Release|x64.ActiveCfg = Release|x64
		{4E62EB4F-326C-3B8F-AE48-71A011A772DB}.Release|x64.Build.0 = Release|x64
		{4E62EB4F-326C-3B8F-AE48-71A011A772DB}.Release|x86.ActiveCfg = Release|x64
		{4E62EB4F-326C-3B8F-AE48-71A011A772DB}.Release|x86.Build.0 = Release|x64
		{4E62EB4F-326C-3B8F-AE48-71A011A772DB}.RelWithDebInfo|Any CPU.ActiveCfg = RelWithDebInfo|x64
		{4E62EB4F-326C-3B8F-AE48-71A011A772DB}.RelWithDebInfo|Any CPU.Build.0 = RelWithDebInfo|x64
		{4E62EB4F-326C-3B8F-AE48-71A011A772DB}.RelWithDebInfo|Mixed.ActiveCfg = RelWithDebInfo|x64
		{4E62EB4F-326C-3B8F-AE48-71A011A772DB}.RelWithDebInfo|Mixed.Build.0 = RelWithDebInfo|x64
		{4E62EB4F-326C-3B8F-AE48-71A011A772DB}.RelWithDebInfo|x64.ActiveCfg = RelWithDebInfo|x64
		{4E62EB4F-326C-3B8F-AE48-71A011A772DB}.RelWithDebInfo|x64.Build.0 = RelWithDebInfo|x64
		{4E62EB4F-326C-3B8F-AE48-71A011A772DB}.RelWithDebInfo|x86.ActiveCfg = RelWithDebInfo|x64
		{4E62EB4F-326C-3B8F-AE48-71A011A772DB}.RelWithDebInfo|x86.Build.0 = RelWithDebInfo|x64
		{B6E8EB3E-4269-38B6-9B92-2E5B5731E88F}.Debug|Any CPU.ActiveCfg = Debug|x64
		{B6E8EB3E-4269-38B6-9B92-2E5B5731E88F}.Debug|Any CPU.Build.0 = Debug|x64
		{B6E8EB3E-4269-38B6-9B92-2E5B5731E88F}.Debug|Mixed.ActiveCfg = Debug|x64
		{B6E8EB3E-4269-38B6-9B92-2E5B5731E88F}.Debug|Mixed.Build.0 = Debug|x64
		{B6E8EB3E-4269-38B6-9B92-2E5B5731E88F}.Debug|x64.ActiveCfg = Debug|x64
		{B6E8EB3E-4269-38B6-9B92-2E5B5731E88F}.Debug|x64.Build.0 = Debug|x64
		{B6E8EB3E-4269-38B6-9B92-2E5B5731E88F}.Debug|x86.ActiveCfg = Debug|x64
		{B6E8EB3E-4269-38B6-9B92-2E5B5731E88F}.Debug|x86.Build.0 = Debug|x64
		{B6E8EB3E-4269-38B6-9B92-2E5B5731E88F}.MinSizeRel|Any CPU.ActiveCfg = MinSizeRel|x64
		{B6E8EB3E-4269-38B6-9B92-2E5B5731E88F}.MinSizeRel|Any CPU.Build.0 = MinSizeRel|x64
		{B6E8EB3E-4269-38B6-9B92-2E5B5731E88F}.MinSizeRel|Mixed.ActiveCfg = MinSizeRel|x64
		{B6E8EB3E-4269-38B6-9B92-2E5B5731E88F}.MinSizeRel|Mixed.Build.0 = MinSizeRel|x64
		{B6E8EB3E-4269-38B6-9B92-2E5B5731E88F}.MinSizeRel|x64.ActiveCfg = MinSizeRel|x64
		{B6E8EB3E-4269-38B6-9B92-2E5B5731E88F}.MinSizeRel|x64.Build.0 = MinSizeRel|x64
		{B6E8EB3E-4269-38B6-9B92-2E5B5731E88F}.MinSizeRel|x86.ActiveCfg = MinSizeRel|x64
		{B6E8EB3E-4269-38B6-9B92-2E5B5731E88F}.MinSizeRel|x86.Build.0 = MinSizeRel|x64
		{B6E8EB3E-4269-38B6-9B92-2E5B5731E88F}.Release|Any CPU.ActiveCfg = Release|x64
		{B6E8EB3E-4269-38B6-9B92-2E5B5731E88F}.Release|Any CPU.Build.0 = Release|x64
		{B6E8EB3E-4269-38B6-9B92-2E5B5731E88F}.Release|Mixed.ActiveCfg = RelWithDebInfo|x64
		{B6E8EB3E-4269-38B6-9B92-2E5B5731E88F}.Release|Mixed.Build.0 = RelWithDebInfo|x64
		{B6E8EB3E-4269-38B6-9B92-2E5B5731E88F}.Release|x64.ActiveCfg = Release|x64
		{B6E8EB3E-4269-38B6-9B92-2E5B5731E88F}.Release|x64.Build.0 = Release|x64
		{B6E8EB3E-4269-38B6-9B92-2E5B5731E88F}.Release|x86.ActiveCfg = Release|x64
		{B6E8EB3E-4269-38B6-9B92-2E5B5731E88F}.Release|x86.Build.0 = Release|x64
		{B6E8EB3E-4269-38B6-9B92-2E5B5731E88F}.RelWithDebInfo|Any CPU.ActiveCfg = RelWithDebInfo|x64
		{B6E8EB3E-4269-38B6-9B92-2E5B5731E88F}.RelWithDebInfo|Any CPU.Build.0 = RelWithDebInfo|x64
		{B6E8EB3E-4269-38B6-9B92-2E5B5731E88F}.RelWithDebInfo|Mixed.ActiveCfg = RelWithDebInfo|x64
		{B6E8EB3E-4269-38B6-9B92-2E5B5731E88F}.RelWithDebInfo|Mixed.Build.0 = RelWithDebInfo|x64
		{B6E8EB3E-4269-38B6-9B92-2E5B5731E88F}.RelWithDebInfo|x64.ActiveCfg = RelWithDebInfo|x64
		{B6E8EB3E-4269-38B6-9B92-2E5B5731E88F}.RelWithDebInfo|x64.Build.0 = RelWithDebInfo|x64
		{B6E8EB3E-4269-38B6-9B92-2E5B5731E88F}.RelWithDebInfo|x86.ActiveCfg = RelWithDebInfo|x64
		{B6E8EB3E-4269-38B6-9B92-2E5B5731E88F}.RelWithDebInfo|x86.Build.0 = RelWithDebInfo|x64
	EndGlobalSection
	GlobalSection(SolutionProperties) = preSolution
		HideSolutionNode = FALSE
	EndGlobalSection
	GlobalSection(NestedProjects) = preSolution
		{8DF5D538-941D-44E8-803E-9E135926EBE8} = {3CA60CA5-1EF0-44DC-8AE9-E29D79889307}
		{A0CC829C-E3B5-419B-A303-5A710389B74D} = {3CA60CA5-1EF0-44DC-8AE9-E29D79889307}
		{776CB808-45B2-4D13-8B5D-E48BD0B37AB2} = {3CA60CA5-1EF0-44DC-8AE9-E29D79889307}
		{0FE20420-27E2-467F-AB2D-78B6A795B255} = {3CA60CA5-1EF0-44DC-8AE9-E29D79889307}
		{2ADCC09E-E6B0-4D3F-9789-69B257DC77A5} = {3CA60CA5-1EF0-44DC-8AE9-E29D79889307}
		{6A7830BB-A9C9-4375-8419-72E28F96FDEA} = {3CA60CA5-1EF0-44DC-8AE9-E29D79889307}
		{7639EAA9-E75C-4117-A199-3CB3D6522A1D} = {3CA60CA5-1EF0-44DC-8AE9-E29D79889307}
		{C4264F96-4602-3306-89C1-19D858075034} = {62F04F34-6B70-4A71-878D-39E4C2B88B83}
		{9B25E3D2-91A8-4784-A3A3-39C1BE36A52A} = {3CA60CA5-1EF0-44DC-8AE9-E29D79889307}
		{F90E9B44-D0D0-3E3C-80A3-374B90694B44} = {62F04F34-6B70-4A71-878D-39E4C2B88B83}
		{F95414A5-6D85-3E17-90CD-61C678C65C4B} = {62F04F34-6B70-4A71-878D-39E4C2B88B83}
		{4E62EB4F-326C-3B8F-AE48-71A011A772DB} = {62F04F34-6B70-4A71-878D-39E4C2B88B83}
		{B6E8EB3E-4269-38B6-9B92-2E5B5731E88F} = {62F04F34-6B70-4A71-878D-39E4C2B88B83}
	EndGlobalSection
	GlobalSection(ExtensibilityGlobals) = postSolution
		SolutionGuid = {177A059B-3AE0-4BFA-87F0-821E5ED60207}
	EndGlobalSection
EndGlobal
