
Microsoft Visual Studio Solution File, Format Version 12.00
# Visual Studio Version 16
VisualStudioVersion = 16.0.31702.278
MinimumVisualStudioVersion = 10.0.40219.1
Project("{9A19103F-16F7-4668-BE54-9A1E7A4F7556}") = "RemoteNET", "RemoteNET\RemoteNET.csproj", "{D1ACBDEC-184B-4F5B-85CD-E02B5F712121}"
	ProjectSection(ProjectDependencies) = postProject
		{E9771628-EF64-4DD8-9906-E7B1990A0FB9} = {E9771628-EF64-4DD8-9906-E7B1990A0FB9}
		{8DF5D538-941D-44E8-803E-9E135926EBE8} = {8DF5D538-941D-44E8-803E-9E135926EBE8}
		{71033F61-0D65-468E-81E7-A5765BCF9282} = {71033F61-0D65-468E-81E7-A5765BCF9282}
		{5DE7F97C-B97B-489F-A1E4-9F9656317F94} = {5DE7F97C-B97B-489F-A1E4-9F9656317F94}
		{0C3EB2F7-92BA-4895-99FC-7098A16FFE8C} = {0C3EB2F7-92BA-4895-99FC-7098A16FFE8C}
	EndProjectSection
EndProject
Project("{FAE04EC0-301F-11D3-BF4B-00C04F79EFBC}") = "ScubaDiver", "ScubaDiver\ScubaDiver.csproj", "{8DF5D538-941D-44E8-803E-9E135926EBE8}"
EndProject
Project("{FAE04EC0-301F-11D3-BF4B-00C04F79EFBC}") = "ScubaDiver.Tester", "ScubaDiver.Tester\ScubaDiver.Tester.csproj", "{1A9E0EB7-820D-46B2-A67E-F32782774214}"
	ProjectSection(ProjectDependencies) = postProject
		{5DE7F97C-B97B-489F-A1E4-9F9656317F94} = {5DE7F97C-B97B-489F-A1E4-9F9656317F94}
		{0C3EB2F7-92BA-4895-99FC-7098A16FFE8C} = {0C3EB2F7-92BA-4895-99FC-7098A16FFE8C}
	EndProjectSection
EndProject
Project("{8BC9CEB8-8B4A-11D0-8D11-00A0C91BC942}") = "Injector", "Injector\Injector.vcxproj", "{0C3EB2F7-92BA-4895-99FC-7098A16FFE8C}"
EndProject
Project("{8BC9CEB8-8B4A-11D0-8D11-00A0C91BC942}") = "BootstrapDLL", "BootstrapDLL\BootstrapDLL.vcxproj", "{5DE7F97C-B97B-489F-A1E4-9F9656317F94}"
EndProject
Project("{9A19103F-16F7-4668-BE54-9A1E7A4F7556}") = "ScubaDiver.API", "ScubaDiver.API\ScubaDiver.API.csproj", "{0FE20420-27E2-467F-AB2D-78B6A795B255}"
EndProject
Project("{8BC9CEB8-8B4A-11D0-8D11-00A0C91BC942}") = "BootstrapDLL_x64", "BootstrapDLL\BootstrapDLL_x64.vcxproj", "{E9771628-EF64-4DD8-9906-E7B1990A0FB9}"
EndProject
Project("{8BC9CEB8-8B4A-11D0-8D11-00A0C91BC942}") = "Injector_x64", "Injector\Injector_x64.vcxproj", "{71033F61-0D65-468E-81E7-A5765BCF9282}"
EndProject
Global
	GlobalSection(SolutionConfigurationPlatforms) = preSolution
		Debug|Mixed = Debug|Mixed
		Release|Mixed = Release|Mixed
	EndGlobalSection
	GlobalSection(ProjectConfigurationPlatforms) = postSolution
		{D1ACBDEC-184B-4F5B-85CD-E02B5F712121}.Debug|Mixed.ActiveCfg = Debug|Any CPU
		{D1ACBDEC-184B-4F5B-85CD-E02B5F712121}.Debug|Mixed.Build.0 = Debug|Any CPU
		{D1ACBDEC-184B-4F5B-85CD-E02B5F712121}.Release|Mixed.ActiveCfg = Release|Any CPU
		{D1ACBDEC-184B-4F5B-85CD-E02B5F712121}.Release|Mixed.Build.0 = Release|Any CPU
		{8DF5D538-941D-44E8-803E-9E135926EBE8}.Debug|Mixed.ActiveCfg = Debug|Any CPU
		{8DF5D538-941D-44E8-803E-9E135926EBE8}.Debug|Mixed.Build.0 = Debug|Any CPU
		{8DF5D538-941D-44E8-803E-9E135926EBE8}.Release|Mixed.ActiveCfg = Release|Any CPU
		{8DF5D538-941D-44E8-803E-9E135926EBE8}.Release|Mixed.Build.0 = Release|Any CPU
		{1A9E0EB7-820D-46B2-A67E-F32782774214}.Debug|Mixed.ActiveCfg = Debug|Any CPU
		{1A9E0EB7-820D-46B2-A67E-F32782774214}.Debug|Mixed.Build.0 = Debug|Any CPU
		{1A9E0EB7-820D-46B2-A67E-F32782774214}.Release|Mixed.ActiveCfg = Release|Any CPU
		{1A9E0EB7-820D-46B2-A67E-F32782774214}.Release|Mixed.Build.0 = Release|Any CPU
		{0C3EB2F7-92BA-4895-99FC-7098A16FFE8C}.Debug|Mixed.ActiveCfg = Debug|Win32
		{0C3EB2F7-92BA-4895-99FC-7098A16FFE8C}.Debug|Mixed.Build.0 = Debug|Win32
		{0C3EB2F7-92BA-4895-99FC-7098A16FFE8C}.Release|Mixed.ActiveCfg = Release|Win32
		{0C3EB2F7-92BA-4895-99FC-7098A16FFE8C}.Release|Mixed.Build.0 = Release|Win32
		{5DE7F97C-B97B-489F-A1E4-9F9656317F94}.Debug|Mixed.ActiveCfg = Debug|Win32
		{5DE7F97C-B97B-489F-A1E4-9F9656317F94}.Debug|Mixed.Build.0 = Debug|Win32
		{5DE7F97C-B97B-489F-A1E4-9F9656317F94}.Release|Mixed.ActiveCfg = Release|Win32
		{5DE7F97C-B97B-489F-A1E4-9F9656317F94}.Release|Mixed.Build.0 = Release|Win32
		{0FE20420-27E2-467F-AB2D-78B6A795B255}.Debug|Mixed.ActiveCfg = Debug|Any CPU
		{0FE20420-27E2-467F-AB2D-78B6A795B255}.Debug|Mixed.Build.0 = Debug|Any CPU
		{0FE20420-27E2-467F-AB2D-78B6A795B255}.Release|Mixed.ActiveCfg = Release|Any CPU
		{0FE20420-27E2-467F-AB2D-78B6A795B255}.Release|Mixed.Build.0 = Release|Any CPU
		{E9771628-EF64-4DD8-9906-E7B1990A0FB9}.Debug|Mixed.ActiveCfg = Debug|x64
		{E9771628-EF64-4DD8-9906-E7B1990A0FB9}.Debug|Mixed.Build.0 = Debug|x64
		{E9771628-EF64-4DD8-9906-E7B1990A0FB9}.Release|Mixed.ActiveCfg = Release|x64
		{E9771628-EF64-4DD8-9906-E7B1990A0FB9}.Release|Mixed.Build.0 = Release|x64
		{71033F61-0D65-468E-81E7-A5765BCF9282}.Debug|Mixed.ActiveCfg = Debug|x64
		{71033F61-0D65-468E-81E7-A5765BCF9282}.Debug|Mixed.Build.0 = Debug|x64
		{71033F61-0D65-468E-81E7-A5765BCF9282}.Release|Mixed.ActiveCfg = Release|x64
		{71033F61-0D65-468E-81E7-A5765BCF9282}.Release|Mixed.Build.0 = Release|x64
	EndGlobalSection
	GlobalSection(SolutionProperties) = preSolution
		HideSolutionNode = FALSE
	EndGlobalSection
	GlobalSection(ExtensibilityGlobals) = postSolution
		SolutionGuid = {177A059B-3AE0-4BFA-87F0-821E5ED60207}
	EndGlobalSection
EndGlobal
